// !$*UTF8*$!
{
	archiveVersion = 1;
	classes = {
	};
	objectVersion = 55;
	objects = {

/* Begin PBXBuildFile section */
		62095EEF27471E2C002643AC /* Localizable.strings in Resources */ = {isa = PBXBuildFile; fileRef = 62095EF127471E2C002643AC /* Localizable.strings */; };
		6226E82A275C2F7100886839 /* Settings in Frameworks */ = {isa = PBXBuildFile; productRef = 6226E829275C2F7100886839 /* Settings */; };
		62529EC7275D98D7007860D7 /* ConfirmPasswordChange in Frameworks */ = {isa = PBXBuildFile; productRef = 62529EC6275D98D7007860D7 /* ConfirmPasswordChange */; };
		62529EC9275D98DD007860D7 /* RequestPasswordChange in Frameworks */ = {isa = PBXBuildFile; productRef = 62529EC8275D98DD007860D7 /* RequestPasswordChange */; };
		6265739927233BB500BCE47D /* AppDelegate.swift in Sources */ = {isa = PBXBuildFile; fileRef = 6265739827233BB500BCE47D /* AppDelegate.swift */; };
		6265739B27233BB500BCE47D /* SceneDelegate.swift in Sources */ = {isa = PBXBuildFile; fileRef = 6265739A27233BB500BCE47D /* SceneDelegate.swift */; };
		626573A227233BB600BCE47D /* Assets.xcassets in Resources */ = {isa = PBXBuildFile; fileRef = 626573A127233BB600BCE47D /* Assets.xcassets */; };
		626573A527233BB600BCE47D /* LaunchScreen.storyboard in Resources */ = {isa = PBXBuildFile; fileRef = 626573A327233BB600BCE47D /* LaunchScreen.storyboard */; };
		6297D5A0275B377400B17CE4 /* Dashboard in Frameworks */ = {isa = PBXBuildFile; productRef = 6297D59F275B377400B17CE4 /* Dashboard */; };
		6297D5A2275B377400B17CE4 /* Guest in Frameworks */ = {isa = PBXBuildFile; productRef = 6297D5A1275B377400B17CE4 /* Guest */; };
		6297D5A4275B377400B17CE4 /* Login in Frameworks */ = {isa = PBXBuildFile; productRef = 6297D5A3275B377400B17CE4 /* Login */; };
		6297D5A6275B377400B17CE4 /* Main in Frameworks */ = {isa = PBXBuildFile; productRef = 6297D5A5275B377400B17CE4 /* Main */; };
		6297D5A8275B377400B17CE4 /* Privacy in Frameworks */ = {isa = PBXBuildFile; productRef = 6297D5A7275B377400B17CE4 /* Privacy */; };
		6297D5AA275B377400B17CE4 /* Profile in Frameworks */ = {isa = PBXBuildFile; productRef = 6297D5A9275B377400B17CE4 /* Profile */; };
		6297D5AC275B377400B17CE4 /* Register in Frameworks */ = {isa = PBXBuildFile; productRef = 6297D5AB275B377400B17CE4 /* Register */; };
		6297D5AE275B377400B17CE4 /* Root in Frameworks */ = {isa = PBXBuildFile; productRef = 6297D5AD275B377400B17CE4 /* Root */; };
		6297D5B0275B377400B17CE4 /* User in Frameworks */ = {isa = PBXBuildFile; productRef = 6297D5AF275B377400B17CE4 /* User */; };
		6297D5B2275B377400B17CE4 /* Welcome in Frameworks */ = {isa = PBXBuildFile; productRef = 6297D5B1275B377400B17CE4 /* Welcome */; };
/* End PBXBuildFile section */

/* Begin PBXFileReference section */
		62095EF027471E2C002643AC /* en */ = {isa = PBXFileReference; lastKnownFileType = text.plist.strings; name = en; path = en.lproj/Localizable.strings; sourceTree = "<group>"; };
		6226E826275C2F2000886839 /* Settings */ = {isa = PBXFileReference; lastKnownFileType = folder; path = Settings; sourceTree = "<group>"; };
		624D5B71275D954F0097E0A9 /* Confirm Password Change */ = {isa = PBXFileReference; lastKnownFileType = folder; path = "Confirm Password Change"; sourceTree = "<group>"; };
		624D5B72275D95600097E0A9 /* Request Password Change */ = {isa = PBXFileReference; lastKnownFileType = folder; path = "Request Password Change"; sourceTree = "<group>"; };
		6265739527233BB500BCE47D /* Adopt.app */ = {isa = PBXFileReference; explicitFileType = wrapper.application; includeInIndex = 0; path = Adopt.app; sourceTree = BUILT_PRODUCTS_DIR; };
		6265739827233BB500BCE47D /* AppDelegate.swift */ = {isa = PBXFileReference; lastKnownFileType = sourcecode.swift; path = AppDelegate.swift; sourceTree = "<group>"; };
		6265739A27233BB500BCE47D /* SceneDelegate.swift */ = {isa = PBXFileReference; lastKnownFileType = sourcecode.swift; path = SceneDelegate.swift; sourceTree = "<group>"; };
		626573A127233BB600BCE47D /* Assets.xcassets */ = {isa = PBXFileReference; lastKnownFileType = folder.assetcatalog; path = Assets.xcassets; sourceTree = "<group>"; };
		626573A427233BB600BCE47D /* Base */ = {isa = PBXFileReference; lastKnownFileType = file.storyboard; name = Base; path = Base.lproj/LaunchScreen.storyboard; sourceTree = "<group>"; };
		626573A627233BB600BCE47D /* Info.plist */ = {isa = PBXFileReference; lastKnownFileType = text.plist.xml; path = Info.plist; sourceTree = "<group>"; };
		6297D56F275B33E900B17CE4 /* Welcome */ = {isa = PBXFileReference; lastKnownFileType = folder; path = Welcome; sourceTree = "<group>"; };
		6297D570275B33F200B17CE4 /* Root */ = {isa = PBXFileReference; lastKnownFileType = folder; path = Root; sourceTree = "<group>"; };
		6297D571275B33F200B17CE4 /* User */ = {isa = PBXFileReference; lastKnownFileType = folder; path = User; sourceTree = "<group>"; };
		6297D572275B33F200B17CE4 /* Register */ = {isa = PBXFileReference; lastKnownFileType = folder; path = Register; sourceTree = "<group>"; };
		6297D573275B33F200B17CE4 /* Login */ = {isa = PBXFileReference; lastKnownFileType = folder; path = Login; sourceTree = "<group>"; };
		6297D574275B33F200B17CE4 /* Profile */ = {isa = PBXFileReference; lastKnownFileType = folder; path = Profile; sourceTree = "<group>"; };
		6297D575275B33F200B17CE4 /* Main */ = {isa = PBXFileReference; lastKnownFileType = folder; path = Main; sourceTree = "<group>"; };
		6297D576275B33F300B17CE4 /* Guest */ = {isa = PBXFileReference; lastKnownFileType = folder; path = Guest; sourceTree = "<group>"; };
		6297D577275B33F300B17CE4 /* Dashboard */ = {isa = PBXFileReference; lastKnownFileType = folder; path = Dashboard; sourceTree = "<group>"; };
		6297D589275B355400B17CE4 /* Privacy */ = {isa = PBXFileReference; lastKnownFileType = folder; path = Privacy; sourceTree = "<group>"; };
		62B56464274D711500928D43 /* .github */ = {isa = PBXFileReference; fileEncoding = 4; lastKnownFileType = text; path = .github; sourceTree = SOURCE_ROOT; };
		62BF2D15274D75BC005FD0D2 /* .gitignore */ = {isa = PBXFileReference; fileEncoding = 4; lastKnownFileType = text; path = .gitignore; sourceTree = SOURCE_ROOT; };
		62BF2D17274D9215005FD0D2 /* .swiftlint.yml */ = {isa = PBXFileReference; fileEncoding = 4; lastKnownFileType = text.yaml; path = .swiftlint.yml; sourceTree = SOURCE_ROOT; };
		62D82DCF275CEECC00C10234 /* Networking */ = {isa = PBXFileReference; lastKnownFileType = folder; path = Networking; sourceTree = "<group>"; };
		62D82DD0275CEF0500C10234 /* Unexpected */ = {isa = PBXFileReference; lastKnownFileType = folder; path = Unexpected; sourceTree = "<group>"; };
/* End PBXFileReference section */

/* Begin PBXFrameworksBuildPhase section */
		6265739227233BB500BCE47D /* Frameworks */ = {
			isa = PBXFrameworksBuildPhase;
			buildActionMask = 2147483647;
			files = (
				6297D5AE275B377400B17CE4 /* Root in Frameworks */,
				6297D5AA275B377400B17CE4 /* Profile in Frameworks */,
				6297D5B0275B377400B17CE4 /* User in Frameworks */,
				6297D5A4275B377400B17CE4 /* Login in Frameworks */,
				62529EC7275D98D7007860D7 /* ConfirmPasswordChange in Frameworks */,
				6297D5AC275B377400B17CE4 /* Register in Frameworks */,
				6297D5A8275B377400B17CE4 /* Privacy in Frameworks */,
				6226E82A275C2F7100886839 /* Settings in Frameworks */,
				6297D5A6275B377400B17CE4 /* Main in Frameworks */,
				62529EC9275D98DD007860D7 /* RequestPasswordChange in Frameworks */,
				6297D5B2275B377400B17CE4 /* Welcome in Frameworks */,
				6297D5A0275B377400B17CE4 /* Dashboard in Frameworks */,
				6297D5A2275B377400B17CE4 /* Guest in Frameworks */,
			);
			runOnlyForDeploymentPostprocessing = 0;
		};
/* End PBXFrameworksBuildPhase section */

/* Begin PBXGroup section */
		6265738C27233BB500BCE47D = {
			isa = PBXGroup;
			children = (
				62BF2D24274DB8D0005FD0D2 /* Tools */,
				6297D4A4275B33CF00B17CE4 /* Packages */,
				6265739727233BB500BCE47D /* App */,
				6265739627233BB500BCE47D /* Products */,
				626573DD2723412700BCE47D /* Frameworks */,
			);
			sourceTree = "<group>";
		};
		6265739627233BB500BCE47D /* Products */ = {
			isa = PBXGroup;
			children = (
				6265739527233BB500BCE47D /* Adopt.app */,
			);
			name = Products;
			sourceTree = "<group>";
		};
		6265739727233BB500BCE47D /* App */ = {
			isa = PBXGroup;
			children = (
				6265739A27233BB500BCE47D /* SceneDelegate.swift */,
				6265739827233BB500BCE47D /* AppDelegate.swift */,
				626573A327233BB600BCE47D /* LaunchScreen.storyboard */,
				626573A127233BB600BCE47D /* Assets.xcassets */,
				62095EF127471E2C002643AC /* Localizable.strings */,
				626573A627233BB600BCE47D /* Info.plist */,
			);
			path = App;
			sourceTree = "<group>";
		};
		626573DD2723412700BCE47D /* Frameworks */ = {
			isa = PBXGroup;
			children = (
			);
			name = Frameworks;
			sourceTree = "<group>";
		};
		6297D4A4275B33CF00B17CE4 /* Packages */ = {
			isa = PBXGroup;
			children = (
				6297D570275B33F200B17CE4 /* Root */,
				6297D576275B33F300B17CE4 /* Guest */,
				6297D573275B33F200B17CE4 /* Login */,
				62D82DCE275CEEA000C10234 /* --- */,
				6297D56F275B33E900B17CE4 /* Welcome */,
				6297D589275B355400B17CE4 /* Privacy */,
				624D5B72275D95600097E0A9 /* Request Password Change */,
				624D5B71275D954F0097E0A9 /* Confirm Password Change */,
				6297D572275B33F200B17CE4 /* Register */,
				6297D571275B33F200B17CE4 /* User */,
				6297D575275B33F200B17CE4 /* Main */,
				6297D577275B33F300B17CE4 /* Dashboard */,
				6297D574275B33F200B17CE4 /* Profile */,
				6226E826275C2F2000886839 /* Settings */,
				62D82DCF275CEECC00C10234 /* Networking */,
				62D82DD0275CEF0500C10234 /* Unexpected */,
			);
			path = Packages;
			sourceTree = "<group>";
		};
		62BF2D24274DB8D0005FD0D2 /* Tools */ = {
			isa = PBXGroup;
			children = (
				62BF2D17274D9215005FD0D2 /* .swiftlint.yml */,
				62BF2D15274D75BC005FD0D2 /* .gitignore */,
				62B56464274D711500928D43 /* .github */,
			);
			name = Tools;
			sourceTree = "<group>";
		};
		62D82DCE275CEEA000C10234 /* --- */ = {
			isa = PBXGroup;
			children = (
			);
			name = "---";
			sourceTree = "<group>";
		};
/* End PBXGroup section */

/* Begin PBXNativeTarget section */
		6265739427233BB500BCE47D /* Adopt */ = {
			isa = PBXNativeTarget;
			buildConfigurationList = 626573A927233BB600BCE47D /* Build configuration list for PBXNativeTarget "Adopt" */;
			buildPhases = (
				6265739127233BB500BCE47D /* Sources */,
				6265739227233BB500BCE47D /* Frameworks */,
				6265739327233BB500BCE47D /* Resources */,
			);
			buildRules = (
			);
			dependencies = (
				62F81D112768107600371619 /* PBXTargetDependency */,
				62529ECB275D98E2007860D7 /* PBXTargetDependency */,
				62529EC5275D98D1007860D7 /* PBXTargetDependency */,
				6226E828275C2F6C00886839 /* PBXTargetDependency */,
				6297D58C275B376500B17CE4 /* PBXTargetDependency */,
				6297D58E275B376500B17CE4 /* PBXTargetDependency */,
				6297D590275B376500B17CE4 /* PBXTargetDependency */,
				6297D592275B376500B17CE4 /* PBXTargetDependency */,
				6297D594275B376500B17CE4 /* PBXTargetDependency */,
				6297D596275B376500B17CE4 /* PBXTargetDependency */,
				6297D598275B376500B17CE4 /* PBXTargetDependency */,
				6297D59A275B376500B17CE4 /* PBXTargetDependency */,
				6297D59C275B376500B17CE4 /* PBXTargetDependency */,
				6297D59E275B376500B17CE4 /* PBXTargetDependency */,
			);
			name = Adopt;
			packageProductDependencies = (
				6297D59F275B377400B17CE4 /* Dashboard */,
				6297D5A1275B377400B17CE4 /* Guest */,
				6297D5A3275B377400B17CE4 /* Login */,
				6297D5A5275B377400B17CE4 /* Main */,
				6297D5A7275B377400B17CE4 /* Privacy */,
				6297D5A9275B377400B17CE4 /* Profile */,
				6297D5AB275B377400B17CE4 /* Register */,
				6297D5AD275B377400B17CE4 /* Root */,
				6297D5AF275B377400B17CE4 /* User */,
				6297D5B1275B377400B17CE4 /* Welcome */,
				6226E829275C2F7100886839 /* Settings */,
				62529EC6275D98D7007860D7 /* ConfirmPasswordChange */,
				62529EC8275D98DD007860D7 /* RequestPasswordChange */,
			);
			productName = spm;
			productReference = 6265739527233BB500BCE47D /* Adopt.app */;
			productType = "com.apple.product-type.application";
		};
/* End PBXNativeTarget section */

/* Begin PBXProject section */
		6265738D27233BB500BCE47D /* Project object */ = {
			isa = PBXProject;
			attributes = {
				BuildIndependentTargetsInParallel = 1;
				LastSwiftUpdateCheck = 1300;
				LastUpgradeCheck = 1300;
				TargetAttributes = {
					6265739427233BB500BCE47D = {
						CreatedOnToolsVersion = 13.0;
					};
				};
			};
			buildConfigurationList = 6265739027233BB500BCE47D /* Build configuration list for PBXProject "Adopt" */;
			compatibilityVersion = "Xcode 13.0";
			developmentRegion = en;
			hasScannedForEncodings = 0;
			knownRegions = (
				en,
				Base,
			);
			mainGroup = 6265738C27233BB500BCE47D;
			productRefGroup = 6265739627233BB500BCE47D /* Products */;
			projectDirPath = "";
			projectRoot = "";
			targets = (
				6265739427233BB500BCE47D /* Adopt */,
			);
		};
/* End PBXProject section */

/* Begin PBXResourcesBuildPhase section */
		6265739327233BB500BCE47D /* Resources */ = {
			isa = PBXResourcesBuildPhase;
			buildActionMask = 2147483647;
			files = (
				62095EEF27471E2C002643AC /* Localizable.strings in Resources */,
				626573A527233BB600BCE47D /* LaunchScreen.storyboard in Resources */,
				626573A227233BB600BCE47D /* Assets.xcassets in Resources */,
			);
			runOnlyForDeploymentPostprocessing = 0;
		};
/* End PBXResourcesBuildPhase section */

/* Begin PBXSourcesBuildPhase section */
		6265739127233BB500BCE47D /* Sources */ = {
			isa = PBXSourcesBuildPhase;
			buildActionMask = 2147483647;
			files = (
				6265739927233BB500BCE47D /* AppDelegate.swift in Sources */,
				6265739B27233BB500BCE47D /* SceneDelegate.swift in Sources */,
			);
			runOnlyForDeploymentPostprocessing = 0;
		};
/* End PBXSourcesBuildPhase section */

/* Begin PBXTargetDependency section */
		6226E828275C2F6C00886839 /* PBXTargetDependency */ = {
			isa = PBXTargetDependency;
			productRef = 6226E827275C2F6C00886839 /* Settings */;
		};
		62529EC5275D98D1007860D7 /* PBXTargetDependency */ = {
			isa = PBXTargetDependency;
			productRef = 62529EC4275D98D1007860D7 /* RequestPasswordChange */;
		};
		62529ECB275D98E2007860D7 /* PBXTargetDependency */ = {
			isa = PBXTargetDependency;
			productRef = 62529ECA275D98E2007860D7 /* ConfirmPasswordChange */;
		};
		6297D58C275B376500B17CE4 /* PBXTargetDependency */ = {
			isa = PBXTargetDependency;
			productRef = 6297D58B275B376500B17CE4 /* Root */;
		};
		6297D58E275B376500B17CE4 /* PBXTargetDependency */ = {
			isa = PBXTargetDependency;
			productRef = 6297D58D275B376500B17CE4 /* Welcome */;
		};
		6297D590275B376500B17CE4 /* PBXTargetDependency */ = {
			isa = PBXTargetDependency;
			productRef = 6297D58F275B376500B17CE4 /* Privacy */;
		};
		6297D592275B376500B17CE4 /* PBXTargetDependency */ = {
			isa = PBXTargetDependency;
			productRef = 6297D591275B376500B17CE4 /* Guest */;
		};
		6297D594275B376500B17CE4 /* PBXTargetDependency */ = {
			isa = PBXTargetDependency;
			productRef = 6297D593275B376500B17CE4 /* Login */;
		};
		6297D596275B376500B17CE4 /* PBXTargetDependency */ = {
			isa = PBXTargetDependency;
			productRef = 6297D595275B376500B17CE4 /* Register */;
		};
		6297D598275B376500B17CE4 /* PBXTargetDependency */ = {
			isa = PBXTargetDependency;
			productRef = 6297D597275B376500B17CE4 /* User */;
		};
		6297D59A275B376500B17CE4 /* PBXTargetDependency */ = {
			isa = PBXTargetDependency;
			productRef = 6297D599275B376500B17CE4 /* Main */;
		};
		6297D59C275B376500B17CE4 /* PBXTargetDependency */ = {
			isa = PBXTargetDependency;
			productRef = 6297D59B275B376500B17CE4 /* Dashboard */;
		};
		6297D59E275B376500B17CE4 /* PBXTargetDependency */ = {
			isa = PBXTargetDependency;
			productRef = 6297D59D275B376500B17CE4 /* Profile */;
		};
		62F81D112768107600371619 /* PBXTargetDependency */ = {
			isa = PBXTargetDependency;
			productRef = 62F81D102768107600371619 /* Routing */;
		};
/* End PBXTargetDependency section */

/* Begin PBXVariantGroup section */
		62095EF127471E2C002643AC /* Localizable.strings */ = {
			isa = PBXVariantGroup;
			children = (
				62095EF027471E2C002643AC /* en */,
			);
			name = Localizable.strings;
			sourceTree = "<group>";
		};
		626573A327233BB600BCE47D /* LaunchScreen.storyboard */ = {
			isa = PBXVariantGroup;
			children = (
				626573A427233BB600BCE47D /* Base */,
			);
			name = LaunchScreen.storyboard;
			sourceTree = "<group>";
		};
/* End PBXVariantGroup section */

/* Begin XCBuildConfiguration section */
		626573A727233BB600BCE47D /* Debug */ = {
			isa = XCBuildConfiguration;
			buildSettings = {
				ALWAYS_SEARCH_USER_PATHS = NO;
				CLANG_ANALYZER_NONNULL = YES;
				CLANG_ANALYZER_NUMBER_OBJECT_CONVERSION = YES_AGGRESSIVE;
				CLANG_CXX_LANGUAGE_STANDARD = "gnu++17";
				CLANG_CXX_LIBRARY = "libc++";
				CLANG_ENABLE_MODULES = YES;
				CLANG_ENABLE_OBJC_ARC = YES;
				CLANG_ENABLE_OBJC_WEAK = YES;
				CLANG_WARN_BLOCK_CAPTURE_AUTORELEASING = YES;
				CLANG_WARN_BOOL_CONVERSION = YES;
				CLANG_WARN_COMMA = YES;
				CLANG_WARN_CONSTANT_CONVERSION = YES;
				CLANG_WARN_DEPRECATED_OBJC_IMPLEMENTATIONS = YES;
				CLANG_WARN_DIRECT_OBJC_ISA_USAGE = YES_ERROR;
				CLANG_WARN_DOCUMENTATION_COMMENTS = YES;
				CLANG_WARN_EMPTY_BODY = YES;
				CLANG_WARN_ENUM_CONVERSION = YES;
				CLANG_WARN_INFINITE_RECURSION = YES;
				CLANG_WARN_INT_CONVERSION = YES;
				CLANG_WARN_NON_LITERAL_NULL_CONVERSION = YES;
				CLANG_WARN_OBJC_IMPLICIT_RETAIN_SELF = YES;
				CLANG_WARN_OBJC_LITERAL_CONVERSION = YES;
				CLANG_WARN_OBJC_ROOT_CLASS = YES_ERROR;
				CLANG_WARN_QUOTED_INCLUDE_IN_FRAMEWORK_HEADER = YES;
				CLANG_WARN_RANGE_LOOP_ANALYSIS = YES;
				CLANG_WARN_STRICT_PROTOTYPES = YES;
				CLANG_WARN_SUSPICIOUS_MOVE = YES;
				CLANG_WARN_UNGUARDED_AVAILABILITY = YES_AGGRESSIVE;
				CLANG_WARN_UNREACHABLE_CODE = YES;
				CLANG_WARN__DUPLICATE_METHOD_MATCH = YES;
				COPY_PHASE_STRIP = NO;
				DEBUG_INFORMATION_FORMAT = dwarf;
				ENABLE_STRICT_OBJC_MSGSEND = YES;
				ENABLE_TESTABILITY = YES;
				GCC_C_LANGUAGE_STANDARD = gnu11;
				GCC_DYNAMIC_NO_PIC = NO;
				GCC_NO_COMMON_BLOCKS = YES;
				GCC_OPTIMIZATION_LEVEL = 0;
				GCC_PREPROCESSOR_DEFINITIONS = (
					"DEBUG=1",
					"$(inherited)",
				);
				GCC_WARN_64_TO_32_BIT_CONVERSION = YES;
				GCC_WARN_ABOUT_RETURN_TYPE = YES_ERROR;
				GCC_WARN_UNDECLARED_SELECTOR = YES;
				GCC_WARN_UNINITIALIZED_AUTOS = YES_AGGRESSIVE;
				GCC_WARN_UNUSED_FUNCTION = YES;
				GCC_WARN_UNUSED_VARIABLE = YES;
				IPHONEOS_DEPLOYMENT_TARGET = 15.0;
				MTL_ENABLE_DEBUG_INFO = INCLUDE_SOURCE;
				MTL_FAST_MATH = YES;
				ONLY_ACTIVE_ARCH = YES;
				SDKROOT = iphoneos;
				SWIFT_ACTIVE_COMPILATION_CONDITIONS = DEBUG;
				SWIFT_OPTIMIZATION_LEVEL = "-Onone";
			};
			name = Debug;
		};
		626573A827233BB600BCE47D /* Release */ = {
			isa = XCBuildConfiguration;
			buildSettings = {
				ALWAYS_SEARCH_USER_PATHS = NO;
				CLANG_ANALYZER_NONNULL = YES;
				CLANG_ANALYZER_NUMBER_OBJECT_CONVERSION = YES_AGGRESSIVE;
				CLANG_CXX_LANGUAGE_STANDARD = "gnu++17";
				CLANG_CXX_LIBRARY = "libc++";
				CLANG_ENABLE_MODULES = YES;
				CLANG_ENABLE_OBJC_ARC = YES;
				CLANG_ENABLE_OBJC_WEAK = YES;
				CLANG_WARN_BLOCK_CAPTURE_AUTORELEASING = YES;
				CLANG_WARN_BOOL_CONVERSION = YES;
				CLANG_WARN_COMMA = YES;
				CLANG_WARN_CONSTANT_CONVERSION = YES;
				CLANG_WARN_DEPRECATED_OBJC_IMPLEMENTATIONS = YES;
				CLANG_WARN_DIRECT_OBJC_ISA_USAGE = YES_ERROR;
				CLANG_WARN_DOCUMENTATION_COMMENTS = YES;
				CLANG_WARN_EMPTY_BODY = YES;
				CLANG_WARN_ENUM_CONVERSION = YES;
				CLANG_WARN_INFINITE_RECURSION = YES;
				CLANG_WARN_INT_CONVERSION = YES;
				CLANG_WARN_NON_LITERAL_NULL_CONVERSION = YES;
				CLANG_WARN_OBJC_IMPLICIT_RETAIN_SELF = YES;
				CLANG_WARN_OBJC_LITERAL_CONVERSION = YES;
				CLANG_WARN_OBJC_ROOT_CLASS = YES_ERROR;
				CLANG_WARN_QUOTED_INCLUDE_IN_FRAMEWORK_HEADER = YES;
				CLANG_WARN_RANGE_LOOP_ANALYSIS = YES;
				CLANG_WARN_STRICT_PROTOTYPES = YES;
				CLANG_WARN_SUSPICIOUS_MOVE = YES;
				CLANG_WARN_UNGUARDED_AVAILABILITY = YES_AGGRESSIVE;
				CLANG_WARN_UNREACHABLE_CODE = YES;
				CLANG_WARN__DUPLICATE_METHOD_MATCH = YES;
				COPY_PHASE_STRIP = NO;
				DEBUG_INFORMATION_FORMAT = "dwarf-with-dsym";
				ENABLE_NS_ASSERTIONS = NO;
				ENABLE_STRICT_OBJC_MSGSEND = YES;
				GCC_C_LANGUAGE_STANDARD = gnu11;
				GCC_NO_COMMON_BLOCKS = YES;
				GCC_WARN_64_TO_32_BIT_CONVERSION = YES;
				GCC_WARN_ABOUT_RETURN_TYPE = YES_ERROR;
				GCC_WARN_UNDECLARED_SELECTOR = YES;
				GCC_WARN_UNINITIALIZED_AUTOS = YES_AGGRESSIVE;
				GCC_WARN_UNUSED_FUNCTION = YES;
				GCC_WARN_UNUSED_VARIABLE = YES;
				IPHONEOS_DEPLOYMENT_TARGET = 15.0;
				MTL_ENABLE_DEBUG_INFO = NO;
				MTL_FAST_MATH = YES;
				SDKROOT = iphoneos;
				SWIFT_COMPILATION_MODE = wholemodule;
				SWIFT_OPTIMIZATION_LEVEL = "-O";
				VALIDATE_PRODUCT = YES;
			};
			name = Release;
		};
		626573AA27233BB600BCE47D /* Debug */ = {
			isa = XCBuildConfiguration;
			buildSettings = {
				ASSETCATALOG_COMPILER_APPICON_NAME = AppIcon;
				ASSETCATALOG_COMPILER_GLOBAL_ACCENT_COLOR_NAME = AccentColor;
				CODE_SIGN_STYLE = Automatic;
				CURRENT_PROJECT_VERSION = 1;
				DEVELOPMENT_TEAM = N3E4467Q6H;
				GENERATE_INFOPLIST_FILE = YES;
				INFOPLIST_FILE = App/Info.plist;
				INFOPLIST_KEY_UIApplicationSupportsIndirectInputEvents = YES;
				INFOPLIST_KEY_UILaunchStoryboardName = LaunchScreen;
				INFOPLIST_KEY_UISupportedInterfaceOrientations_iPad = "UIInterfaceOrientationPortrait UIInterfaceOrientationPortraitUpsideDown UIInterfaceOrientationLandscapeLeft UIInterfaceOrientationLandscapeRight";
				INFOPLIST_KEY_UISupportedInterfaceOrientations_iPhone = "UIInterfaceOrientationPortrait UIInterfaceOrientationLandscapeLeft UIInterfaceOrientationLandscapeRight";
				IPHONEOS_DEPLOYMENT_TARGET = 15.0;
				LD_RUNPATH_SEARCH_PATHS = (
					"$(inherited)",
					"@executable_path/Frameworks",
				);
				MARKETING_VERSION = 1.0;
				PRODUCT_BUNDLE_IDENTIFIER = pro.rzeszot.adopt.demo;
				PRODUCT_NAME = "$(TARGET_NAME)";
				SWIFT_EMIT_LOC_STRINGS = YES;
				SWIFT_VERSION = 5.0;
				TARGETED_DEVICE_FAMILY = "1,2";
			};
			name = Debug;
		};
		626573AB27233BB600BCE47D /* Release */ = {
			isa = XCBuildConfiguration;
			buildSettings = {
				ASSETCATALOG_COMPILER_APPICON_NAME = AppIcon;
				ASSETCATALOG_COMPILER_GLOBAL_ACCENT_COLOR_NAME = AccentColor;
				CODE_SIGN_STYLE = Automatic;
				CURRENT_PROJECT_VERSION = 1;
				DEVELOPMENT_TEAM = N3E4467Q6H;
				GENERATE_INFOPLIST_FILE = YES;
				INFOPLIST_FILE = App/Info.plist;
				INFOPLIST_KEY_UIApplicationSupportsIndirectInputEvents = YES;
				INFOPLIST_KEY_UILaunchStoryboardName = LaunchScreen;
				INFOPLIST_KEY_UISupportedInterfaceOrientations_iPad = "UIInterfaceOrientationPortrait UIInterfaceOrientationPortraitUpsideDown UIInterfaceOrientationLandscapeLeft UIInterfaceOrientationLandscapeRight";
				INFOPLIST_KEY_UISupportedInterfaceOrientations_iPhone = "UIInterfaceOrientationPortrait UIInterfaceOrientationLandscapeLeft UIInterfaceOrientationLandscapeRight";
				IPHONEOS_DEPLOYMENT_TARGET = 15.0;
				LD_RUNPATH_SEARCH_PATHS = (
					"$(inherited)",
					"@executable_path/Frameworks",
				);
				MARKETING_VERSION = 1.0;
				PRODUCT_BUNDLE_IDENTIFIER = pro.rzeszot.adopt.demo;
				PRODUCT_NAME = "$(TARGET_NAME)";
				SWIFT_EMIT_LOC_STRINGS = YES;
				SWIFT_VERSION = 5.0;
				TARGETED_DEVICE_FAMILY = "1,2";
			};
			name = Release;
		};
/* End XCBuildConfiguration section */

/* Begin XCConfigurationList section */
		6265739027233BB500BCE47D /* Build configuration list for PBXProject "Adopt" */ = {
			isa = XCConfigurationList;
			buildConfigurations = (
				626573A727233BB600BCE47D /* Debug */,
				626573A827233BB600BCE47D /* Release */,
			);
			defaultConfigurationIsVisible = 0;
			defaultConfigurationName = Release;
		};
		626573A927233BB600BCE47D /* Build configuration list for PBXNativeTarget "Adopt" */ = {
			isa = XCConfigurationList;
			buildConfigurations = (
				626573AA27233BB600BCE47D /* Debug */,
				626573AB27233BB600BCE47D /* Release */,
			);
			defaultConfigurationIsVisible = 0;
			defaultConfigurationName = Release;
		};
/* End XCConfigurationList section */

/* Begin XCSwiftPackageProductDependency section */
		6226E827275C2F6C00886839 /* Settings */ = {
			isa = XCSwiftPackageProductDependency;
			productName = Settings;
		};
		6226E829275C2F7100886839 /* Settings */ = {
			isa = XCSwiftPackageProductDependency;
			productName = Settings;
		};
		62529EC4275D98D1007860D7 /* RequestPasswordChange */ = {
			isa = XCSwiftPackageProductDependency;
			productName = RequestPasswordChange;
		};
		62529EC6275D98D7007860D7 /* ConfirmPasswordChange */ = {
			isa = XCSwiftPackageProductDependency;
			productName = ConfirmPasswordChange;
		};
		62529EC8275D98DD007860D7 /* RequestPasswordChange */ = {
			isa = XCSwiftPackageProductDependency;
			productName = RequestPasswordChange;
		};
		62529ECA275D98E2007860D7 /* ConfirmPasswordChange */ = {
			isa = XCSwiftPackageProductDependency;
			productName = ConfirmPasswordChange;
		};
		6297D58B275B376500B17CE4 /* Root */ = {
			isa = XCSwiftPackageProductDependency;
			productName = Root;
		};
		6297D58D275B376500B17CE4 /* Welcome */ = {
			isa = XCSwiftPackageProductDependency;
			productName = Welcome;
		};
		6297D58F275B376500B17CE4 /* Privacy */ = {
			isa = XCSwiftPackageProductDependency;
			productName = Privacy;
		};
		6297D591275B376500B17CE4 /* Guest */ = {
			isa = XCSwiftPackageProductDependency;
			productName = Guest;
		};
		6297D593275B376500B17CE4 /* Login */ = {
			isa = XCSwiftPackageProductDependency;
			productName = Login;
		};
		6297D595275B376500B17CE4 /* Register */ = {
			isa = XCSwiftPackageProductDependency;
			productName = Register;
		};
		6297D597275B376500B17CE4 /* User */ = {
			isa = XCSwiftPackageProductDependency;
			productName = User;
		};
		6297D599275B376500B17CE4 /* Main */ = {
			isa = XCSwiftPackageProductDependency;
			productName = Main;
		};
		6297D59B275B376500B17CE4 /* Dashboard */ = {
			isa = XCSwiftPackageProductDependency;
			productName = Dashboard;
		};
		6297D59D275B376500B17CE4 /* Profile */ = {
			isa = XCSwiftPackageProductDependency;
			productName = Profile;
		};
		6297D59F275B377400B17CE4 /* Dashboard */ = {
			isa = XCSwiftPackageProductDependency;
			productName = Dashboard;
		};
		6297D5A1275B377400B17CE4 /* Guest */ = {
			isa = XCSwiftPackageProductDependency;
			productName = Guest;
		};
		6297D5A3275B377400B17CE4 /* Login */ = {
			isa = XCSwiftPackageProductDependency;
			productName = Login;
		};
		6297D5A5275B377400B17CE4 /* Main */ = {
			isa = XCSwiftPackageProductDependency;
			productName = Main;
		};
		6297D5A7275B377400B17CE4 /* Privacy */ = {
			isa = XCSwiftPackageProductDependency;
			productName = Privacy;
		};
		6297D5A9275B377400B17CE4 /* Profile */ = {
			isa = XCSwiftPackageProductDependency;
			productName = Profile;
		};
		6297D5AB275B377400B17CE4 /* Register */ = {
			isa = XCSwiftPackageProductDependency;
			productName = Register;
		};
		6297D5AD275B377400B17CE4 /* Root */ = {
			isa = XCSwiftPackageProductDependency;
			productName = Root;
		};
		6297D5AF275B377400B17CE4 /* User */ = {
			isa = XCSwiftPackageProductDependency;
			productName = User;
		};
		6297D5B1275B377400B17CE4 /* Welcome */ = {
			isa = XCSwiftPackageProductDependency;
			productName = Welcome;
		};
		62F81D102768107600371619 /* Routing */ = {
			isa = XCSwiftPackageProductDependency;
			productName = Routing;
		};
/* End XCSwiftPackageProductDependency section */
	};
	rootObject = 6265738D27233BB500BCE47D /* Project object */;
}
