// !$*UTF8*$!
{
	archiveVersion = 1;
	classes = {
	};
	objectVersion = 50;
	objects = {

/* Begin PBXBuildFile section */
		2D2B44982427C44E00BECB25 /* Settings.storyboard in Resources */ = {isa = PBXBuildFile; fileRef = 2D2B44972427C44E00BECB25 /* Settings.storyboard */; };
		2D2B449B2427C54700BECB25 /* SettingsViewController.swift in Sources */ = {isa = PBXBuildFile; fileRef = 2D2B449A2427C54700BECB25 /* SettingsViewController.swift */; };
		2D2B449F2427C7C800BECB25 /* Bundle.swift in Sources */ = {isa = PBXBuildFile; fileRef = 2D2B449E2427C7C800BECB25 /* Bundle.swift */; };
		2D2B44A32427C82400BECB25 /* Build.swift.sh in Sources */ = {isa = PBXBuildFile; fileRef = 2D2B44A02427C7F700BECB25 /* Build.swift.sh */; };
		2D2F76AF2427C0F7001F3222 /* BasicAuthViewController.swift in Sources */ = {isa = PBXBuildFile; fileRef = 2D2F76AE2427C0F7001F3222 /* BasicAuthViewController.swift */; };
		2D3FCF5423BB6F47001E3704 /* LoginViewController.swift in Sources */ = {isa = PBXBuildFile; fileRef = 2D3FCF5323BB6F47001E3704 /* LoginViewController.swift */; };
		2D443B2323BCF5C2007BFEEE /* BasicAuth.swift in Sources */ = {isa = PBXBuildFile; fileRef = 2D443B2223BCF5C2007BFEEE /* BasicAuth.swift */; };
		2D443B2523BCF792007BFEEE /* BasicAuth.Coordinator.swift in Sources */ = {isa = PBXBuildFile; fileRef = 2D443B2423BCF792007BFEEE /* BasicAuth.Coordinator.swift */; };
		2D443B2823BD3E4A007BFEEE /* Forget.swift in Sources */ = {isa = PBXBuildFile; fileRef = 2D443B2723BD3E4A007BFEEE /* Forget.swift */; };
		2D443B2A23BD3E57007BFEEE /* Forget.RootView.swift in Sources */ = {isa = PBXBuildFile; fileRef = 2D443B2923BD3E57007BFEEE /* Forget.RootView.swift */; };
		2D443B3523BD403F007BFEEE /* fontlog.txt in Resources */ = {isa = PBXBuildFile; fileRef = 2D443B2F23BD403F007BFEEE /* fontlog.txt */; };
		2D443B3623BD403F007BFEEE /* ofl.txt in Resources */ = {isa = PBXBuildFile; fileRef = 2D443B3023BD403F007BFEEE /* ofl.txt */; };
		2D443B3723BD403F007BFEEE /* offside.jpg in Resources */ = {isa = PBXBuildFile; fileRef = 2D443B3223BD403F007BFEEE /* offside.jpg */; };
		2D443B3823BD403F007BFEEE /* offside-regular.ttf in Resources */ = {isa = PBXBuildFile; fileRef = 2D443B3423BD403F007BFEEE /* offside-regular.ttf */; };
		2D443B3A23BD4134007BFEEE /* Forget.EmailView.swift in Sources */ = {isa = PBXBuildFile; fileRef = 2D443B3923BD4134007BFEEE /* Forget.EmailView.swift */; };
		2D443B3C23BD418A007BFEEE /* Forget.CodeView.swift in Sources */ = {isa = PBXBuildFile; fileRef = 2D443B3B23BD418A007BFEEE /* Forget.CodeView.swift */; };
		2D443B3E23BD456D007BFEEE /* WelcomeViewController.swift in Sources */ = {isa = PBXBuildFile; fileRef = 2D443B3D23BD456D007BFEEE /* WelcomeViewController.swift */; };
		2D4F88B823C00DA00017E29F /* DeckViewDataSource.swift in Sources */ = {isa = PBXBuildFile; fileRef = 2D4F88B723C00DA00017E29F /* DeckViewDataSource.swift */; };
		2D4F88BA23C00DBB0017E29F /* DeckView.swift in Sources */ = {isa = PBXBuildFile; fileRef = 2D4F88B923C00DBB0017E29F /* DeckView.swift */; };
		2D4F88BC23C01BFA0017E29F /* CardBehaviour.swift in Sources */ = {isa = PBXBuildFile; fileRef = 2D4F88BB23C01BFA0017E29F /* CardBehaviour.swift */; };
		2D7A385C23BAD03C0094BAB2 /* Session.swift in Sources */ = {isa = PBXBuildFile; fileRef = 2D7A385B23BAD03C0094BAB2 /* Session.swift */; };
		2D7A386223BAD4AD0094BAB2 /* Settings.swift in Sources */ = {isa = PBXBuildFile; fileRef = 2D7A386123BAD4AD0094BAB2 /* Settings.swift */; };
		2D7A386523BAD5C40094BAB2 /* Welcome.swift in Sources */ = {isa = PBXBuildFile; fileRef = 2D7A386423BAD5C40094BAB2 /* Welcome.swift */; };
		2DA0D07F23BE57AA0095E24E /* SwipeViewController.swift in Sources */ = {isa = PBXBuildFile; fileRef = 2DA0D07E23BE57AA0095E24E /* SwipeViewController.swift */; };
		2DA0D08323BE59B60095E24E /* ProfileView.swift in Sources */ = {isa = PBXBuildFile; fileRef = 2DA0D08223BE59B60095E24E /* ProfileView.swift */; };
		2DBC3B562427A8280070894C /* RootViewController.swift in Sources */ = {isa = PBXBuildFile; fileRef = 2DBC3B552427A8280070894C /* RootViewController.swift */; };
		2DD6B26423B84AD60006D873 /* AppDelegate.swift in Sources */ = {isa = PBXBuildFile; fileRef = 2DD6B26323B84AD60006D873 /* AppDelegate.swift */; };
		2DD6B26623B84AD60006D873 /* SceneDelegate.swift in Sources */ = {isa = PBXBuildFile; fileRef = 2DD6B26523B84AD60006D873 /* SceneDelegate.swift */; };
		2DD6B26A23B84AD70006D873 /* Assets.xcassets in Resources */ = {isa = PBXBuildFile; fileRef = 2DD6B26923B84AD70006D873 /* Assets.xcassets */; };
		2DD6B27023B84AD70006D873 /* LaunchScreen.storyboard in Resources */ = {isa = PBXBuildFile; fileRef = 2DD6B26E23B84AD70006D873 /* LaunchScreen.storyboard */; };
		2DD6B27C23B84BF70006D873 /* SignUpView.swift in Sources */ = {isa = PBXBuildFile; fileRef = 2DD6B27B23B84BF70006D873 /* SignUpView.swift */; };
		2DD7A4F12427AC690029CC49 /* Root.swift in Sources */ = {isa = PBXBuildFile; fileRef = 2DD7A4F02427AC690029CC49 /* Root.swift */; };
		2DD7A4F32427ADBD0029CC49 /* Welcome.storyboard in Resources */ = {isa = PBXBuildFile; fileRef = 2DD7A4F22427ADBD0029CC49 /* Welcome.storyboard */; };
		2DD7A4F52427ADD50029CC49 /* UIStoryboard.swift in Sources */ = {isa = PBXBuildFile; fileRef = 2DD7A4F42427ADD50029CC49 /* UIStoryboard.swift */; };
		2DD7A4F72427B0670029CC49 /* PrimaryButton.swift in Sources */ = {isa = PBXBuildFile; fileRef = 2DD7A4F62427B0670029CC49 /* PrimaryButton.swift */; };
		2DD7A4F92427B0AA0029CC49 /* SecondaryButton.swift in Sources */ = {isa = PBXBuildFile; fileRef = 2DD7A4F82427B0AA0029CC49 /* SecondaryButton.swift */; };
		2DD7A4FB2427B3840029CC49 /* BasicAuth.storyboard in Resources */ = {isa = PBXBuildFile; fileRef = 2DD7A4FA2427B3840029CC49 /* BasicAuth.storyboard */; };
		3CF319AA23CBD3AC00FE08EF /* Montserrat-Regular.otf in Resources */ = {isa = PBXBuildFile; fileRef = 3CF3198823CBD3AA00FE08EF /* Montserrat-Regular.otf */; };
		3CF319AB23CBD3AC00FE08EF /* Montserrat-MediumItalic.otf in Resources */ = {isa = PBXBuildFile; fileRef = 3CF3198923CBD3AA00FE08EF /* Montserrat-MediumItalic.otf */; };
		3CF319AC23CBD3AC00FE08EF /* Montserrat-Bold.otf in Resources */ = {isa = PBXBuildFile; fileRef = 3CF3198A23CBD3AA00FE08EF /* Montserrat-Bold.otf */; };
		3CF319AD23CBD3AC00FE08EF /* MontserratAlternates-ExtraLight.otf in Resources */ = {isa = PBXBuildFile; fileRef = 3CF3198B23CBD3AA00FE08EF /* MontserratAlternates-ExtraLight.otf */; };
		3CF319AE23CBD3AC00FE08EF /* MontserratAlternates-SemiBold.otf in Resources */ = {isa = PBXBuildFile; fileRef = 3CF3198C23CBD3AA00FE08EF /* MontserratAlternates-SemiBold.otf */; };
		3CF319AF23CBD3AC00FE08EF /* MontserratAlternates-ExtraBoldItalic.otf in Resources */ = {isa = PBXBuildFile; fileRef = 3CF3198D23CBD3AA00FE08EF /* MontserratAlternates-ExtraBoldItalic.otf */; };
		3CF319B023CBD3AC00FE08EF /* Montserrat-ExtraLight.otf in Resources */ = {isa = PBXBuildFile; fileRef = 3CF3198E23CBD3AA00FE08EF /* Montserrat-ExtraLight.otf */; };
		3CF319B123CBD3AC00FE08EF /* MontserratAlternates-Regular.otf in Resources */ = {isa = PBXBuildFile; fileRef = 3CF3198F23CBD3AA00FE08EF /* MontserratAlternates-Regular.otf */; };
		3CF319B223CBD3AC00FE08EF /* MontserratAlternates-BoldItalic.otf in Resources */ = {isa = PBXBuildFile; fileRef = 3CF3199023CBD3AA00FE08EF /* MontserratAlternates-BoldItalic.otf */; };
		3CF319B323CBD3AC00FE08EF /* Montserrat-Medium.otf in Resources */ = {isa = PBXBuildFile; fileRef = 3CF3199123CBD3AA00FE08EF /* Montserrat-Medium.otf */; };
		3CF319B423CBD3AC00FE08EF /* MontserratAlternates-ExtraBold.otf in Resources */ = {isa = PBXBuildFile; fileRef = 3CF3199223CBD3AA00FE08EF /* MontserratAlternates-ExtraBold.otf */; };
		3CF319B523CBD3AC00FE08EF /* Montserrat-ExtraBoldItalic.otf in Resources */ = {isa = PBXBuildFile; fileRef = 3CF3199323CBD3AA00FE08EF /* Montserrat-ExtraBoldItalic.otf */; };
		3CF319B623CBD3AC00FE08EF /* MontserratAlternates-BlackItalic.otf in Resources */ = {isa = PBXBuildFile; fileRef = 3CF3199423CBD3AA00FE08EF /* MontserratAlternates-BlackItalic.otf */; };
		3CF319B723CBD3AC00FE08EF /* Montserrat-Light.otf in Resources */ = {isa = PBXBuildFile; fileRef = 3CF3199523CBD3AA00FE08EF /* Montserrat-Light.otf */; };
		3CF319B823CBD3AC00FE08EF /* MontserratAlternates-ExtraLightItalic.otf in Resources */ = {isa = PBXBuildFile; fileRef = 3CF3199623CBD3AA00FE08EF /* MontserratAlternates-ExtraLightItalic.otf */; };
		3CF319B923CBD3AC00FE08EF /* MontserratAlternates-Italic.otf in Resources */ = {isa = PBXBuildFile; fileRef = 3CF3199723CBD3AB00FE08EF /* MontserratAlternates-Italic.otf */; };
		3CF319BA23CBD3AC00FE08EF /* Montserrat-BlackItalic.otf in Resources */ = {isa = PBXBuildFile; fileRef = 3CF3199823CBD3AB00FE08EF /* Montserrat-BlackItalic.otf */; };
		3CF319BB23CBD3AC00FE08EF /* MontserratAlternates-SemiBoldItalic.otf in Resources */ = {isa = PBXBuildFile; fileRef = 3CF3199923CBD3AB00FE08EF /* MontserratAlternates-SemiBoldItalic.otf */; };
		3CF319BC23CBD3AC00FE08EF /* Montserrat-LightItalic.otf in Resources */ = {isa = PBXBuildFile; fileRef = 3CF3199A23CBD3AB00FE08EF /* Montserrat-LightItalic.otf */; };
		3CF319BD23CBD3AC00FE08EF /* Montserrat-Black.otf in Resources */ = {isa = PBXBuildFile; fileRef = 3CF3199B23CBD3AB00FE08EF /* Montserrat-Black.otf */; };
		3CF319BE23CBD3AC00FE08EF /* Montserrat-ExtraLightItalic.otf in Resources */ = {isa = PBXBuildFile; fileRef = 3CF3199C23CBD3AB00FE08EF /* Montserrat-ExtraLightItalic.otf */; };
		3CF319BF23CBD3AC00FE08EF /* Montserrat-SemiBoldItalic.otf in Resources */ = {isa = PBXBuildFile; fileRef = 3CF3199D23CBD3AB00FE08EF /* Montserrat-SemiBoldItalic.otf */; };
		3CF319C023CBD3AC00FE08EF /* MontserratAlternates-Light.otf in Resources */ = {isa = PBXBuildFile; fileRef = 3CF3199E23CBD3AB00FE08EF /* MontserratAlternates-Light.otf */; };
		3CF319C123CBD3AC00FE08EF /* MontserratAlternates-LightItalic.otf in Resources */ = {isa = PBXBuildFile; fileRef = 3CF3199F23CBD3AB00FE08EF /* MontserratAlternates-LightItalic.otf */; };
		3CF319C223CBD3AC00FE08EF /* Montserrat-Thin.otf in Resources */ = {isa = PBXBuildFile; fileRef = 3CF319A023CBD3AB00FE08EF /* Montserrat-Thin.otf */; };
		3CF319C323CBD3AC00FE08EF /* Montserrat-SemiBold.otf in Resources */ = {isa = PBXBuildFile; fileRef = 3CF319A123CBD3AB00FE08EF /* Montserrat-SemiBold.otf */; };
		3CF319C423CBD3AC00FE08EF /* Montserrat-Italic.otf in Resources */ = {isa = PBXBuildFile; fileRef = 3CF319A223CBD3AB00FE08EF /* Montserrat-Italic.otf */; };
		3CF319C523CBD3AC00FE08EF /* MontserratAlternates-Black.otf in Resources */ = {isa = PBXBuildFile; fileRef = 3CF319A323CBD3AC00FE08EF /* MontserratAlternates-Black.otf */; };
		3CF319C623CBD3AC00FE08EF /* MontserratAlternates-MediumItalic.otf in Resources */ = {isa = PBXBuildFile; fileRef = 3CF319A423CBD3AC00FE08EF /* MontserratAlternates-MediumItalic.otf */; };
		3CF319C723CBD3AC00FE08EF /* Montserrat-BoldItalic.otf in Resources */ = {isa = PBXBuildFile; fileRef = 3CF319A523CBD3AC00FE08EF /* Montserrat-BoldItalic.otf */; };
		3CF319C823CBD3AC00FE08EF /* MontserratAlternates-Bold.otf in Resources */ = {isa = PBXBuildFile; fileRef = 3CF319A623CBD3AC00FE08EF /* MontserratAlternates-Bold.otf */; };
		3CF319C923CBD3AC00FE08EF /* Montserrat-ThinItalic.otf in Resources */ = {isa = PBXBuildFile; fileRef = 3CF319A723CBD3AC00FE08EF /* Montserrat-ThinItalic.otf */; };
		3CF319CA23CBD3AC00FE08EF /* Montserrat-ExtraBold.otf in Resources */ = {isa = PBXBuildFile; fileRef = 3CF319A823CBD3AC00FE08EF /* Montserrat-ExtraBold.otf */; };
		3CF319CB23CBD3AC00FE08EF /* MontserratAlternates-Medium.otf in Resources */ = {isa = PBXBuildFile; fileRef = 3CF319A923CBD3AC00FE08EF /* MontserratAlternates-Medium.otf */; };
		3CF319CF23CBD70700FE08EF /* .gitignore in Resources */ = {isa = PBXBuildFile; fileRef = 3CF319CE23CBD70700FE08EF /* .gitignore */; };
		3CF8D1A723CFCED200061AF1 /* PasswordViewController.swift in Sources */ = {isa = PBXBuildFile; fileRef = 3CF8D1A623CFCED200061AF1 /* PasswordViewController.swift */; };
/* End PBXBuildFile section */

/* Begin PBXBuildRule section */
		2D2B44A22427C80400BECB25 /* PBXBuildRule */ = {
			isa = PBXBuildRule;
			compilerSpec = com.apple.compilers.proxy.script;
			filePatterns = "*.swift.sh";
			fileType = pattern.proxy;
			inputFiles = (
			);
			isEditable = 1;
			outputFiles = (
				"${DERIVED_FILES_DIR}/${INPUT_FILE_BASE}",
			);
			script = "sh \"${INPUT_FILE_PATH}\" > \"${DERIVED_FILES_DIR}/${INPUT_FILE_BASE}\"\ntouch \"${INPUT_FILE_PATH}\"\n";
		};
/* End PBXBuildRule section */

/* Begin PBXFileReference section */
		2D2B44972427C44E00BECB25 /* Settings.storyboard */ = {isa = PBXFileReference; lastKnownFileType = file.storyboard; path = Settings.storyboard; sourceTree = "<group>"; };
		2D2B449A2427C54700BECB25 /* SettingsViewController.swift */ = {isa = PBXFileReference; lastKnownFileType = sourcecode.swift; path = SettingsViewController.swift; sourceTree = "<group>"; };
		2D2B449E2427C7C800BECB25 /* Bundle.swift */ = {isa = PBXFileReference; lastKnownFileType = sourcecode.swift; path = Bundle.swift; sourceTree = "<group>"; };
		2D2B44A02427C7F700BECB25 /* Build.swift.sh */ = {isa = PBXFileReference; lastKnownFileType = text.script.sh; path = Build.swift.sh; sourceTree = "<group>"; };
		2D2F76AE2427C0F7001F3222 /* BasicAuthViewController.swift */ = {isa = PBXFileReference; lastKnownFileType = sourcecode.swift; path = BasicAuthViewController.swift; sourceTree = "<group>"; };
		2D3FCF5323BB6F47001E3704 /* LoginViewController.swift */ = {isa = PBXFileReference; lastKnownFileType = sourcecode.swift; path = LoginViewController.swift; sourceTree = "<group>"; };
		2D443B2223BCF5C2007BFEEE /* BasicAuth.swift */ = {isa = PBXFileReference; lastKnownFileType = sourcecode.swift; path = BasicAuth.swift; sourceTree = "<group>"; };
		2D443B2423BCF792007BFEEE /* BasicAuth.Coordinator.swift */ = {isa = PBXFileReference; lastKnownFileType = sourcecode.swift; path = BasicAuth.Coordinator.swift; sourceTree = "<group>"; };
		2D443B2723BD3E4A007BFEEE /* Forget.swift */ = {isa = PBXFileReference; lastKnownFileType = sourcecode.swift; path = Forget.swift; sourceTree = "<group>"; };
		2D443B2923BD3E57007BFEEE /* Forget.RootView.swift */ = {isa = PBXFileReference; lastKnownFileType = sourcecode.swift; path = Forget.RootView.swift; sourceTree = "<group>"; };
		2D443B2F23BD403F007BFEEE /* fontlog.txt */ = {isa = PBXFileReference; fileEncoding = 4; lastKnownFileType = text; path = fontlog.txt; sourceTree = "<group>"; };
		2D443B3023BD403F007BFEEE /* ofl.txt */ = {isa = PBXFileReference; fileEncoding = 4; lastKnownFileType = text; path = ofl.txt; sourceTree = "<group>"; };
		2D443B3223BD403F007BFEEE /* offside.jpg */ = {isa = PBXFileReference; lastKnownFileType = image.jpeg; path = offside.jpg; sourceTree = "<group>"; };
		2D443B3423BD403F007BFEEE /* offside-regular.ttf */ = {isa = PBXFileReference; lastKnownFileType = file; path = "offside-regular.ttf"; sourceTree = "<group>"; };
		2D443B3923BD4134007BFEEE /* Forget.EmailView.swift */ = {isa = PBXFileReference; lastKnownFileType = sourcecode.swift; path = Forget.EmailView.swift; sourceTree = "<group>"; };
		2D443B3B23BD418A007BFEEE /* Forget.CodeView.swift */ = {isa = PBXFileReference; lastKnownFileType = sourcecode.swift; path = Forget.CodeView.swift; sourceTree = "<group>"; };
		2D443B3D23BD456D007BFEEE /* WelcomeViewController.swift */ = {isa = PBXFileReference; lastKnownFileType = sourcecode.swift; path = WelcomeViewController.swift; sourceTree = "<group>"; };
		2D4F88B723C00DA00017E29F /* DeckViewDataSource.swift */ = {isa = PBXFileReference; lastKnownFileType = sourcecode.swift; path = DeckViewDataSource.swift; sourceTree = "<group>"; };
		2D4F88B923C00DBB0017E29F /* DeckView.swift */ = {isa = PBXFileReference; lastKnownFileType = sourcecode.swift; path = DeckView.swift; sourceTree = "<group>"; };
		2D4F88BB23C01BFA0017E29F /* CardBehaviour.swift */ = {isa = PBXFileReference; lastKnownFileType = sourcecode.swift; path = CardBehaviour.swift; sourceTree = "<group>"; };
		2D7A385B23BAD03C0094BAB2 /* Session.swift */ = {isa = PBXFileReference; lastKnownFileType = sourcecode.swift; path = Session.swift; sourceTree = "<group>"; };
		2D7A386123BAD4AD0094BAB2 /* Settings.swift */ = {isa = PBXFileReference; lastKnownFileType = sourcecode.swift; path = Settings.swift; sourceTree = "<group>"; };
		2D7A386423BAD5C40094BAB2 /* Welcome.swift */ = {isa = PBXFileReference; lastKnownFileType = sourcecode.swift; path = Welcome.swift; sourceTree = "<group>"; };
		2DA0D07E23BE57AA0095E24E /* SwipeViewController.swift */ = {isa = PBXFileReference; lastKnownFileType = sourcecode.swift; path = SwipeViewController.swift; sourceTree = "<group>"; };
		2DA0D08223BE59B60095E24E /* ProfileView.swift */ = {isa = PBXFileReference; lastKnownFileType = sourcecode.swift; path = ProfileView.swift; sourceTree = "<group>"; };
		2DBC3B552427A8280070894C /* RootViewController.swift */ = {isa = PBXFileReference; lastKnownFileType = sourcecode.swift; path = RootViewController.swift; sourceTree = "<group>"; };
		2DBC3B5C2427ABDA0070894C /* .github */ = {isa = PBXFileReference; lastKnownFileType = folder; path = .github; sourceTree = "<group>"; };
		2DD6B26023B84AD60006D873 /* Adopt.app */ = {isa = PBXFileReference; explicitFileType = wrapper.application; includeInIndex = 0; path = Adopt.app; sourceTree = BUILT_PRODUCTS_DIR; };
		2DD6B26323B84AD60006D873 /* AppDelegate.swift */ = {isa = PBXFileReference; lastKnownFileType = sourcecode.swift; path = AppDelegate.swift; sourceTree = "<group>"; };
		2DD6B26523B84AD60006D873 /* SceneDelegate.swift */ = {isa = PBXFileReference; lastKnownFileType = sourcecode.swift; path = SceneDelegate.swift; sourceTree = "<group>"; };
		2DD6B26923B84AD70006D873 /* Assets.xcassets */ = {isa = PBXFileReference; lastKnownFileType = folder.assetcatalog; path = Assets.xcassets; sourceTree = "<group>"; };
		2DD6B26F23B84AD70006D873 /* Base */ = {isa = PBXFileReference; lastKnownFileType = file.storyboard; name = Base; path = Base.lproj/LaunchScreen.storyboard; sourceTree = "<group>"; };
		2DD6B27123B84AD70006D873 /* Info.plist */ = {isa = PBXFileReference; lastKnownFileType = text.plist.xml; path = Info.plist; sourceTree = "<group>"; };
		2DD6B27B23B84BF70006D873 /* SignUpView.swift */ = {isa = PBXFileReference; lastKnownFileType = sourcecode.swift; path = SignUpView.swift; sourceTree = "<group>"; };
		2DD7A4F02427AC690029CC49 /* Root.swift */ = {isa = PBXFileReference; lastKnownFileType = sourcecode.swift; path = Root.swift; sourceTree = "<group>"; };
		2DD7A4F22427ADBD0029CC49 /* Welcome.storyboard */ = {isa = PBXFileReference; lastKnownFileType = file.storyboard; path = Welcome.storyboard; sourceTree = "<group>"; };
		2DD7A4F42427ADD50029CC49 /* UIStoryboard.swift */ = {isa = PBXFileReference; lastKnownFileType = sourcecode.swift; path = UIStoryboard.swift; sourceTree = "<group>"; };
		2DD7A4F62427B0670029CC49 /* PrimaryButton.swift */ = {isa = PBXFileReference; lastKnownFileType = sourcecode.swift; path = PrimaryButton.swift; sourceTree = "<group>"; };
		2DD7A4F82427B0AA0029CC49 /* SecondaryButton.swift */ = {isa = PBXFileReference; lastKnownFileType = sourcecode.swift; path = SecondaryButton.swift; sourceTree = "<group>"; };
		2DD7A4FA2427B3840029CC49 /* BasicAuth.storyboard */ = {isa = PBXFileReference; lastKnownFileType = file.storyboard; path = BasicAuth.storyboard; sourceTree = "<group>"; };
		3CF3198823CBD3AA00FE08EF /* Montserrat-Regular.otf */ = {isa = PBXFileReference; lastKnownFileType = file; path = "Montserrat-Regular.otf"; sourceTree = "<group>"; };
		3CF3198923CBD3AA00FE08EF /* Montserrat-MediumItalic.otf */ = {isa = PBXFileReference; lastKnownFileType = file; path = "Montserrat-MediumItalic.otf"; sourceTree = "<group>"; };
		3CF3198A23CBD3AA00FE08EF /* Montserrat-Bold.otf */ = {isa = PBXFileReference; lastKnownFileType = file; path = "Montserrat-Bold.otf"; sourceTree = "<group>"; };
		3CF3198B23CBD3AA00FE08EF /* MontserratAlternates-ExtraLight.otf */ = {isa = PBXFileReference; lastKnownFileType = file; path = "MontserratAlternates-ExtraLight.otf"; sourceTree = "<group>"; };
		3CF3198C23CBD3AA00FE08EF /* MontserratAlternates-SemiBold.otf */ = {isa = PBXFileReference; lastKnownFileType = file; path = "MontserratAlternates-SemiBold.otf"; sourceTree = "<group>"; };
		3CF3198D23CBD3AA00FE08EF /* MontserratAlternates-ExtraBoldItalic.otf */ = {isa = PBXFileReference; lastKnownFileType = file; path = "MontserratAlternates-ExtraBoldItalic.otf"; sourceTree = "<group>"; };
		3CF3198E23CBD3AA00FE08EF /* Montserrat-ExtraLight.otf */ = {isa = PBXFileReference; lastKnownFileType = file; path = "Montserrat-ExtraLight.otf"; sourceTree = "<group>"; };
		3CF3198F23CBD3AA00FE08EF /* MontserratAlternates-Regular.otf */ = {isa = PBXFileReference; lastKnownFileType = file; path = "MontserratAlternates-Regular.otf"; sourceTree = "<group>"; };
		3CF3199023CBD3AA00FE08EF /* MontserratAlternates-BoldItalic.otf */ = {isa = PBXFileReference; lastKnownFileType = file; path = "MontserratAlternates-BoldItalic.otf"; sourceTree = "<group>"; };
		3CF3199123CBD3AA00FE08EF /* Montserrat-Medium.otf */ = {isa = PBXFileReference; lastKnownFileType = file; path = "Montserrat-Medium.otf"; sourceTree = "<group>"; };
		3CF3199223CBD3AA00FE08EF /* MontserratAlternates-ExtraBold.otf */ = {isa = PBXFileReference; lastKnownFileType = file; path = "MontserratAlternates-ExtraBold.otf"; sourceTree = "<group>"; };
		3CF3199323CBD3AA00FE08EF /* Montserrat-ExtraBoldItalic.otf */ = {isa = PBXFileReference; lastKnownFileType = file; path = "Montserrat-ExtraBoldItalic.otf"; sourceTree = "<group>"; };
		3CF3199423CBD3AA00FE08EF /* MontserratAlternates-BlackItalic.otf */ = {isa = PBXFileReference; lastKnownFileType = file; path = "MontserratAlternates-BlackItalic.otf"; sourceTree = "<group>"; };
		3CF3199523CBD3AA00FE08EF /* Montserrat-Light.otf */ = {isa = PBXFileReference; lastKnownFileType = file; path = "Montserrat-Light.otf"; sourceTree = "<group>"; };
		3CF3199623CBD3AA00FE08EF /* MontserratAlternates-ExtraLightItalic.otf */ = {isa = PBXFileReference; lastKnownFileType = file; path = "MontserratAlternates-ExtraLightItalic.otf"; sourceTree = "<group>"; };
		3CF3199723CBD3AB00FE08EF /* MontserratAlternates-Italic.otf */ = {isa = PBXFileReference; lastKnownFileType = file; path = "MontserratAlternates-Italic.otf"; sourceTree = "<group>"; };
		3CF3199823CBD3AB00FE08EF /* Montserrat-BlackItalic.otf */ = {isa = PBXFileReference; lastKnownFileType = file; path = "Montserrat-BlackItalic.otf"; sourceTree = "<group>"; };
		3CF3199923CBD3AB00FE08EF /* MontserratAlternates-SemiBoldItalic.otf */ = {isa = PBXFileReference; lastKnownFileType = file; path = "MontserratAlternates-SemiBoldItalic.otf"; sourceTree = "<group>"; };
		3CF3199A23CBD3AB00FE08EF /* Montserrat-LightItalic.otf */ = {isa = PBXFileReference; lastKnownFileType = file; path = "Montserrat-LightItalic.otf"; sourceTree = "<group>"; };
		3CF3199B23CBD3AB00FE08EF /* Montserrat-Black.otf */ = {isa = PBXFileReference; lastKnownFileType = file; path = "Montserrat-Black.otf"; sourceTree = "<group>"; };
		3CF3199C23CBD3AB00FE08EF /* Montserrat-ExtraLightItalic.otf */ = {isa = PBXFileReference; lastKnownFileType = file; path = "Montserrat-ExtraLightItalic.otf"; sourceTree = "<group>"; };
		3CF3199D23CBD3AB00FE08EF /* Montserrat-SemiBoldItalic.otf */ = {isa = PBXFileReference; lastKnownFileType = file; path = "Montserrat-SemiBoldItalic.otf"; sourceTree = "<group>"; };
		3CF3199E23CBD3AB00FE08EF /* MontserratAlternates-Light.otf */ = {isa = PBXFileReference; lastKnownFileType = file; path = "MontserratAlternates-Light.otf"; sourceTree = "<group>"; };
		3CF3199F23CBD3AB00FE08EF /* MontserratAlternates-LightItalic.otf */ = {isa = PBXFileReference; lastKnownFileType = file; path = "MontserratAlternates-LightItalic.otf"; sourceTree = "<group>"; };
		3CF319A023CBD3AB00FE08EF /* Montserrat-Thin.otf */ = {isa = PBXFileReference; lastKnownFileType = file; path = "Montserrat-Thin.otf"; sourceTree = "<group>"; };
		3CF319A123CBD3AB00FE08EF /* Montserrat-SemiBold.otf */ = {isa = PBXFileReference; lastKnownFileType = file; path = "Montserrat-SemiBold.otf"; sourceTree = "<group>"; };
		3CF319A223CBD3AB00FE08EF /* Montserrat-Italic.otf */ = {isa = PBXFileReference; lastKnownFileType = file; path = "Montserrat-Italic.otf"; sourceTree = "<group>"; };
		3CF319A323CBD3AC00FE08EF /* MontserratAlternates-Black.otf */ = {isa = PBXFileReference; lastKnownFileType = file; path = "MontserratAlternates-Black.otf"; sourceTree = "<group>"; };
		3CF319A423CBD3AC00FE08EF /* MontserratAlternates-MediumItalic.otf */ = {isa = PBXFileReference; lastKnownFileType = file; path = "MontserratAlternates-MediumItalic.otf"; sourceTree = "<group>"; };
		3CF319A523CBD3AC00FE08EF /* Montserrat-BoldItalic.otf */ = {isa = PBXFileReference; lastKnownFileType = file; path = "Montserrat-BoldItalic.otf"; sourceTree = "<group>"; };
		3CF319A623CBD3AC00FE08EF /* MontserratAlternates-Bold.otf */ = {isa = PBXFileReference; lastKnownFileType = file; path = "MontserratAlternates-Bold.otf"; sourceTree = "<group>"; };
		3CF319A723CBD3AC00FE08EF /* Montserrat-ThinItalic.otf */ = {isa = PBXFileReference; lastKnownFileType = file; path = "Montserrat-ThinItalic.otf"; sourceTree = "<group>"; };
		3CF319A823CBD3AC00FE08EF /* Montserrat-ExtraBold.otf */ = {isa = PBXFileReference; lastKnownFileType = file; path = "Montserrat-ExtraBold.otf"; sourceTree = "<group>"; };
		3CF319A923CBD3AC00FE08EF /* MontserratAlternates-Medium.otf */ = {isa = PBXFileReference; lastKnownFileType = file; path = "MontserratAlternates-Medium.otf"; sourceTree = "<group>"; };
		3CF319CC23CBD3D500FE08EF /* Adopt.entitlements */ = {isa = PBXFileReference; lastKnownFileType = text.plist.entitlements; path = Adopt.entitlements; sourceTree = "<group>"; };
		3CF319CE23CBD70700FE08EF /* .gitignore */ = {isa = PBXFileReference; fileEncoding = 4; lastKnownFileType = text; path = .gitignore; sourceTree = "<group>"; };
		3CF8D1A623CFCED200061AF1 /* PasswordViewController.swift */ = {isa = PBXFileReference; lastKnownFileType = sourcecode.swift; path = PasswordViewController.swift; sourceTree = "<group>"; };
/* End PBXFileReference section */

/* Begin PBXFrameworksBuildPhase section */
		2DD6B25D23B84AD60006D873 /* Frameworks */ = {
			isa = PBXFrameworksBuildPhase;
			buildActionMask = 2147483647;
			files = (
			);
			runOnlyForDeploymentPostprocessing = 0;
		};
/* End PBXFrameworksBuildPhase section */

/* Begin PBXGroup section */
		2D2B44992427C53C00BECB25 /* Settings */ = {
			isa = PBXGroup;
			children = (
				2D7A386123BAD4AD0094BAB2 /* Settings.swift */,
				2D2B44972427C44E00BECB25 /* Settings.storyboard */,
				2D2B449A2427C54700BECB25 /* SettingsViewController.swift */,
				2D2B449E2427C7C800BECB25 /* Bundle.swift */,
				2D2B44A02427C7F700BECB25 /* Build.swift.sh */,
			);
			path = Settings;
			sourceTree = "<group>";
		};
		2D443B2623BD3E3B007BFEEE /* Forget */ = {
			isa = PBXGroup;
			children = (
				2D443B2723BD3E4A007BFEEE /* Forget.swift */,
				2D443B2923BD3E57007BFEEE /* Forget.RootView.swift */,
				2D443B3923BD4134007BFEEE /* Forget.EmailView.swift */,
				2D443B3B23BD418A007BFEEE /* Forget.CodeView.swift */,
			);
			path = Forget;
			sourceTree = "<group>";
		};
		2D443B2B23BD4032007BFEEE /* Resources */ = {
			isa = PBXGroup;
			children = (
				2D443B2C23BD403F007BFEEE /* Fonts */,
			);
			path = Resources;
			sourceTree = "<group>";
		};
		2D443B2C23BD403F007BFEEE /* Fonts */ = {
			isa = PBXGroup;
			children = (
				3CF3198723CBD38100FE08EF /* Montserrat */,
				2D443B2D23BD403F007BFEEE /* Offside */,
			);
			path = Fonts;
			sourceTree = "<group>";
		};
		2D443B2D23BD403F007BFEEE /* Offside */ = {
			isa = PBXGroup;
			children = (
				2D443B2E23BD403F007BFEEE /* Document */,
				2D443B3123BD403F007BFEEE /* Image */,
				2D443B3323BD403F007BFEEE /* Fonts */,
			);
			path = Offside;
			sourceTree = "<group>";
		};
		2D443B2E23BD403F007BFEEE /* Document */ = {
			isa = PBXGroup;
			children = (
				2D443B2F23BD403F007BFEEE /* fontlog.txt */,
				2D443B3023BD403F007BFEEE /* ofl.txt */,
			);
			path = Document;
			sourceTree = "<group>";
		};
		2D443B3123BD403F007BFEEE /* Image */ = {
			isa = PBXGroup;
			children = (
				2D443B3223BD403F007BFEEE /* offside.jpg */,
			);
			path = Image;
			sourceTree = "<group>";
		};
		2D443B3323BD403F007BFEEE /* Fonts */ = {
			isa = PBXGroup;
			children = (
				2D443B3423BD403F007BFEEE /* offside-regular.ttf */,
			);
			path = Fonts;
			sourceTree = "<group>";
		};
		2D7A385823BACE3B0094BAB2 /* Basic Auth */ = {
			isa = PBXGroup;
			children = (
				2D443B2223BCF5C2007BFEEE /* BasicAuth.swift */,
				2DD7A4FA2427B3840029CC49 /* BasicAuth.storyboard */,
				2D443B2423BCF792007BFEEE /* BasicAuth.Coordinator.swift */,
				2D2F76AE2427C0F7001F3222 /* BasicAuthViewController.swift */,
				2D3FCF5323BB6F47001E3704 /* LoginViewController.swift */,
				3CF8D1A623CFCED200061AF1 /* PasswordViewController.swift */,
			);
			path = "Basic Auth";
			sourceTree = "<group>";
		};
		2D7A386023BAD4020094BAB2 /* Root */ = {
			isa = PBXGroup;
			children = (
				2DD7A4F02427AC690029CC49 /* Root.swift */,
				2DBC3B552427A8280070894C /* RootViewController.swift */,
			);
			path = Root;
			sourceTree = "<group>";
		};
		2D7A386323BAD5B70094BAB2 /* Welcome */ = {
			isa = PBXGroup;
			children = (
				2D7A386423BAD5C40094BAB2 /* Welcome.swift */,
				2DD7A4F22427ADBD0029CC49 /* Welcome.storyboard */,
				2D443B3D23BD456D007BFEEE /* WelcomeViewController.swift */,
			);
			path = Welcome;
			sourceTree = "<group>";
		};
		2DA0D08023BE598D0095E24E /* Swipe */ = {
			isa = PBXGroup;
			children = (
				2DA0D07E23BE57AA0095E24E /* SwipeViewController.swift */,
				2D4F88B723C00DA00017E29F /* DeckViewDataSource.swift */,
				2D4F88B923C00DBB0017E29F /* DeckView.swift */,
				2D4F88BB23C01BFA0017E29F /* CardBehaviour.swift */,
			);
			path = Swipe;
			sourceTree = "<group>";
		};
		2DA0D08123BE599B0095E24E /* Profile */ = {
			isa = PBXGroup;
			children = (
				2DA0D08223BE59B60095E24E /* ProfileView.swift */,
			);
			path = Profile;
			sourceTree = "<group>";
		};
		2DBC3B542427A8060070894C /* Scene */ = {
			isa = PBXGroup;
			children = (
				2D7A386023BAD4020094BAB2 /* Root */,
				2D7A386323BAD5B70094BAB2 /* Welcome */,
				2D7A385823BACE3B0094BAB2 /* Basic Auth */,
				2D2B44992427C53C00BECB25 /* Settings */,
				2D443B2623BD3E3B007BFEEE /* Forget */,
				2DD6B27723B84B640006D873 /* Sign up */,
				2DA0D08023BE598D0095E24E /* Swipe */,
				2DA0D08123BE599B0095E24E /* Profile */,
			);
			path = Scene;
			sourceTree = "<group>";
		};
		2DBC3B572427A8E60070894C /* Common */ = {
			isa = PBXGroup;
			children = (
				2D7A385B23BAD03C0094BAB2 /* Session.swift */,
				2DD7A4F42427ADD50029CC49 /* UIStoryboard.swift */,
				2DD7A4F62427B0670029CC49 /* PrimaryButton.swift */,
				2DD7A4F82427B0AA0029CC49 /* SecondaryButton.swift */,
			);
			path = Common;
			sourceTree = "<group>";
		};
		2DD6B25723B84AD60006D873 = {
			isa = PBXGroup;
			children = (
				3CF319CD23CBD6EB00FE08EF /* Tools */,
				2DD6B26223B84AD60006D873 /* Adopt */,
				2DD6B26123B84AD60006D873 /* Products */,
			);
			sourceTree = "<group>";
		};
		2DD6B26123B84AD60006D873 /* Products */ = {
			isa = PBXGroup;
			children = (
				2DD6B26023B84AD60006D873 /* Adopt.app */,
			);
			name = Products;
			sourceTree = "<group>";
		};
		2DD6B26223B84AD60006D873 /* Adopt */ = {
			isa = PBXGroup;
			children = (
				2D443B2B23BD4032007BFEEE /* Resources */,
				2DBC3B572427A8E60070894C /* Common */,
				2DBC3B542427A8060070894C /* Scene */,
				2DD6B26323B84AD60006D873 /* AppDelegate.swift */,
				2DD6B26523B84AD60006D873 /* SceneDelegate.swift */,
				2DD6B26923B84AD70006D873 /* Assets.xcassets */,
				2DD6B26E23B84AD70006D873 /* LaunchScreen.storyboard */,
				2DD6B27123B84AD70006D873 /* Info.plist */,
				3CF319CC23CBD3D500FE08EF /* Adopt.entitlements */,
			);
			path = Adopt;
			sourceTree = "<group>";
		};
		2DD6B27723B84B640006D873 /* Sign up */ = {
			isa = PBXGroup;
			children = (
				2DD6B27B23B84BF70006D873 /* SignUpView.swift */,
			);
			path = "Sign up";
			sourceTree = "<group>";
		};
		3CF3198723CBD38100FE08EF /* Montserrat */ = {
			isa = PBXGroup;
			children = (
				3CF3199B23CBD3AB00FE08EF /* Montserrat-Black.otf */,
				3CF3199823CBD3AB00FE08EF /* Montserrat-BlackItalic.otf */,
				3CF3198A23CBD3AA00FE08EF /* Montserrat-Bold.otf */,
				3CF319A523CBD3AC00FE08EF /* Montserrat-BoldItalic.otf */,
				3CF319A823CBD3AC00FE08EF /* Montserrat-ExtraBold.otf */,
				3CF3199323CBD3AA00FE08EF /* Montserrat-ExtraBoldItalic.otf */,
				3CF3198E23CBD3AA00FE08EF /* Montserrat-ExtraLight.otf */,
				3CF3199C23CBD3AB00FE08EF /* Montserrat-ExtraLightItalic.otf */,
				3CF319A223CBD3AB00FE08EF /* Montserrat-Italic.otf */,
				3CF3199523CBD3AA00FE08EF /* Montserrat-Light.otf */,
				3CF3199A23CBD3AB00FE08EF /* Montserrat-LightItalic.otf */,
				3CF3199123CBD3AA00FE08EF /* Montserrat-Medium.otf */,
				3CF3198923CBD3AA00FE08EF /* Montserrat-MediumItalic.otf */,
				3CF3198823CBD3AA00FE08EF /* Montserrat-Regular.otf */,
				3CF319A123CBD3AB00FE08EF /* Montserrat-SemiBold.otf */,
				3CF3199D23CBD3AB00FE08EF /* Montserrat-SemiBoldItalic.otf */,
				3CF319A023CBD3AB00FE08EF /* Montserrat-Thin.otf */,
				3CF319A723CBD3AC00FE08EF /* Montserrat-ThinItalic.otf */,
				3CF319A323CBD3AC00FE08EF /* MontserratAlternates-Black.otf */,
				3CF3199423CBD3AA00FE08EF /* MontserratAlternates-BlackItalic.otf */,
				3CF319A623CBD3AC00FE08EF /* MontserratAlternates-Bold.otf */,
				3CF3199023CBD3AA00FE08EF /* MontserratAlternates-BoldItalic.otf */,
				3CF3199223CBD3AA00FE08EF /* MontserratAlternates-ExtraBold.otf */,
				3CF3198D23CBD3AA00FE08EF /* MontserratAlternates-ExtraBoldItalic.otf */,
				3CF3198B23CBD3AA00FE08EF /* MontserratAlternates-ExtraLight.otf */,
				3CF3199623CBD3AA00FE08EF /* MontserratAlternates-ExtraLightItalic.otf */,
				3CF3199723CBD3AB00FE08EF /* MontserratAlternates-Italic.otf */,
				3CF3199E23CBD3AB00FE08EF /* MontserratAlternates-Light.otf */,
				3CF3199F23CBD3AB00FE08EF /* MontserratAlternates-LightItalic.otf */,
				3CF319A923CBD3AC00FE08EF /* MontserratAlternates-Medium.otf */,
				3CF319A423CBD3AC00FE08EF /* MontserratAlternates-MediumItalic.otf */,
				3CF3198F23CBD3AA00FE08EF /* MontserratAlternates-Regular.otf */,
				3CF3198C23CBD3AA00FE08EF /* MontserratAlternates-SemiBold.otf */,
				3CF3199923CBD3AB00FE08EF /* MontserratAlternates-SemiBoldItalic.otf */,
			);
			path = Montserrat;
			sourceTree = "<group>";
		};
		3CF319CD23CBD6EB00FE08EF /* Tools */ = {
			isa = PBXGroup;
			children = (
				2DBC3B5C2427ABDA0070894C /* .github */,
				3CF319CE23CBD70700FE08EF /* .gitignore */,
			);
			name = Tools;
			sourceTree = "<group>";
		};
/* End PBXGroup section */

/* Begin PBXNativeTarget section */
		2DD6B25F23B84AD60006D873 /* Adopt */ = {
			isa = PBXNativeTarget;
			buildConfigurationList = 2DD6B27423B84AD70006D873 /* Build configuration list for PBXNativeTarget "Adopt" */;
			buildPhases = (
				2DD6B25C23B84AD60006D873 /* Sources */,
				2DD6B25D23B84AD60006D873 /* Frameworks */,
				2DD6B25E23B84AD60006D873 /* Resources */,
				2DBC3B5B2427AB9F0070894C /* Linter */,
			);
			buildRules = (
				2D2B44A22427C80400BECB25 /* PBXBuildRule */,
			);
			dependencies = (
			);
			name = Adopt;
			productName = Adopt;
			productReference = 2DD6B26023B84AD60006D873 /* Adopt.app */;
			productType = "com.apple.product-type.application";
		};
/* End PBXNativeTarget section */

/* Begin PBXProject section */
		2DD6B25823B84AD60006D873 /* Project object */ = {
			isa = PBXProject;
			attributes = {
				LastSwiftUpdateCheck = 1130;
				LastUpgradeCheck = 1130;
				ORGANIZATIONNAME = "Damian Rzeszot";
				TargetAttributes = {
					2DD6B25F23B84AD60006D873 = {
						CreatedOnToolsVersion = 11.3;
					};
				};
			};
			buildConfigurationList = 2DD6B25B23B84AD60006D873 /* Build configuration list for PBXProject "Adopt" */;
			compatibilityVersion = "Xcode 9.3";
			developmentRegion = en;
			hasScannedForEncodings = 0;
			knownRegions = (
				en,
				Base,
			);
			mainGroup = 2DD6B25723B84AD60006D873;
			productRefGroup = 2DD6B26123B84AD60006D873 /* Products */;
			projectDirPath = "";
			projectRoot = "";
			targets = (
				2DD6B25F23B84AD60006D873 /* Adopt */,
			);
		};
/* End PBXProject section */

/* Begin PBXResourcesBuildPhase section */
		2DD6B25E23B84AD60006D873 /* Resources */ = {
			isa = PBXResourcesBuildPhase;
			buildActionMask = 2147483647;
			files = (
				3CF319B423CBD3AC00FE08EF /* MontserratAlternates-ExtraBold.otf in Resources */,
				3CF319CA23CBD3AC00FE08EF /* Montserrat-ExtraBold.otf in Resources */,
				3CF319B123CBD3AC00FE08EF /* MontserratAlternates-Regular.otf in Resources */,
				2D2B44982427C44E00BECB25 /* Settings.storyboard in Resources */,
				2D443B3623BD403F007BFEEE /* ofl.txt in Resources */,
				3CF319BF23CBD3AC00FE08EF /* Montserrat-SemiBoldItalic.otf in Resources */,
				2DD7A4F32427ADBD0029CC49 /* Welcome.storyboard in Resources */,
				2DD6B27023B84AD70006D873 /* LaunchScreen.storyboard in Resources */,
				3CF319B023CBD3AC00FE08EF /* Montserrat-ExtraLight.otf in Resources */,
				2DD6B26A23B84AD70006D873 /* Assets.xcassets in Resources */,
				3CF319CF23CBD70700FE08EF /* .gitignore in Resources */,
				2DD7A4FB2427B3840029CC49 /* BasicAuth.storyboard in Resources */,
				3CF319BE23CBD3AC00FE08EF /* Montserrat-ExtraLightItalic.otf in Resources */,
				3CF319B323CBD3AC00FE08EF /* Montserrat-Medium.otf in Resources */,
				3CF319AF23CBD3AC00FE08EF /* MontserratAlternates-ExtraBoldItalic.otf in Resources */,
				3CF319B223CBD3AC00FE08EF /* MontserratAlternates-BoldItalic.otf in Resources */,
				3CF319B723CBD3AC00FE08EF /* Montserrat-Light.otf in Resources */,
				3CF319C023CBD3AC00FE08EF /* MontserratAlternates-Light.otf in Resources */,
				3CF319CB23CBD3AC00FE08EF /* MontserratAlternates-Medium.otf in Resources */,
				3CF319C423CBD3AC00FE08EF /* Montserrat-Italic.otf in Resources */,
				3CF319AD23CBD3AC00FE08EF /* MontserratAlternates-ExtraLight.otf in Resources */,
				3CF319BA23CBD3AC00FE08EF /* Montserrat-BlackItalic.otf in Resources */,
				3CF319C323CBD3AC00FE08EF /* Montserrat-SemiBold.otf in Resources */,
				3CF319C623CBD3AC00FE08EF /* MontserratAlternates-MediumItalic.otf in Resources */,
				3CF319B623CBD3AC00FE08EF /* MontserratAlternates-BlackItalic.otf in Resources */,
				3CF319B523CBD3AC00FE08EF /* Montserrat-ExtraBoldItalic.otf in Resources */,
				3CF319C823CBD3AC00FE08EF /* MontserratAlternates-Bold.otf in Resources */,
				3CF319C223CBD3AC00FE08EF /* Montserrat-Thin.otf in Resources */,
				3CF319B823CBD3AC00FE08EF /* MontserratAlternates-ExtraLightItalic.otf in Resources */,
				3CF319AB23CBD3AC00FE08EF /* Montserrat-MediumItalic.otf in Resources */,
				2D443B3523BD403F007BFEEE /* fontlog.txt in Resources */,
				3CF319C523CBD3AC00FE08EF /* MontserratAlternates-Black.otf in Resources */,
				2D443B3823BD403F007BFEEE /* offside-regular.ttf in Resources */,
				3CF319C923CBD3AC00FE08EF /* Montserrat-ThinItalic.otf in Resources */,
				3CF319BD23CBD3AC00FE08EF /* Montserrat-Black.otf in Resources */,
				3CF319C123CBD3AC00FE08EF /* MontserratAlternates-LightItalic.otf in Resources */,
				3CF319B923CBD3AC00FE08EF /* MontserratAlternates-Italic.otf in Resources */,
				3CF319AE23CBD3AC00FE08EF /* MontserratAlternates-SemiBold.otf in Resources */,
				3CF319BC23CBD3AC00FE08EF /* Montserrat-LightItalic.otf in Resources */,
				3CF319BB23CBD3AC00FE08EF /* MontserratAlternates-SemiBoldItalic.otf in Resources */,
				2D443B3723BD403F007BFEEE /* offside.jpg in Resources */,
				3CF319AA23CBD3AC00FE08EF /* Montserrat-Regular.otf in Resources */,
				3CF319AC23CBD3AC00FE08EF /* Montserrat-Bold.otf in Resources */,
				3CF319C723CBD3AC00FE08EF /* Montserrat-BoldItalic.otf in Resources */,
			);
			runOnlyForDeploymentPostprocessing = 0;
		};
/* End PBXResourcesBuildPhase section */

/* Begin PBXShellScriptBuildPhase section */
		2DBC3B5B2427AB9F0070894C /* Linter */ = {
			isa = PBXShellScriptBuildPhase;
			buildActionMask = 2147483647;
			files = (
			);
			inputFileListPaths = (
			);
			inputPaths = (
			);
			name = Linter;
			outputFileListPaths = (
			);
			outputPaths = (
			);
			runOnlyForDeploymentPostprocessing = 0;
			shellPath = /bin/sh;
			shellScript = "if which swiftlint >/dev/null\nthen\n    swiftlint lint --config .github/swiftlint.yml --reporter xcode\nelse\n    echo \"warning: SwiftLint not installed\"\nfi\n";
			showEnvVarsInLog = 0;
		};
/* End PBXShellScriptBuildPhase section */

/* Begin PBXSourcesBuildPhase section */
		2DD6B25C23B84AD60006D873 /* Sources */ = {
			isa = PBXSourcesBuildPhase;
			buildActionMask = 2147483647;
			files = (
				2D2B44A32427C82400BECB25 /* Build.swift.sh in Sources */,
				2D443B3C23BD418A007BFEEE /* Forget.CodeView.swift in Sources */,
				2D2B449F2427C7C800BECB25 /* Bundle.swift in Sources */,
				2DD6B27C23B84BF70006D873 /* SignUpView.swift in Sources */,
				2D443B2323BCF5C2007BFEEE /* BasicAuth.swift in Sources */,
				2DBC3B562427A8280070894C /* RootViewController.swift in Sources */,
				2D7A386223BAD4AD0094BAB2 /* Settings.swift in Sources */,
				2D443B2A23BD3E57007BFEEE /* Forget.RootView.swift in Sources */,
				2D443B3E23BD456D007BFEEE /* WelcomeViewController.swift in Sources */,
				2DD6B26423B84AD60006D873 /* AppDelegate.swift in Sources */,
				2D7A385C23BAD03C0094BAB2 /* Session.swift in Sources */,
				2D4F88B823C00DA00017E29F /* DeckViewDataSource.swift in Sources */,
				2D443B2523BCF792007BFEEE /* BasicAuth.Coordinator.swift in Sources */,
				2DD7A4F52427ADD50029CC49 /* UIStoryboard.swift in Sources */,
				2D443B2823BD3E4A007BFEEE /* Forget.swift in Sources */,
				2DA0D08323BE59B60095E24E /* ProfileView.swift in Sources */,
				2DA0D07F23BE57AA0095E24E /* SwipeViewController.swift in Sources */,
				2D443B3A23BD4134007BFEEE /* Forget.EmailView.swift in Sources */,
				2DD7A4F72427B0670029CC49 /* PrimaryButton.swift in Sources */,
				3CF8D1A723CFCED200061AF1 /* PasswordViewController.swift in Sources */,
				2D7A386523BAD5C40094BAB2 /* Welcome.swift in Sources */,
				2DD6B26623B84AD60006D873 /* SceneDelegate.swift in Sources */,
				2DD7A4F12427AC690029CC49 /* Root.swift in Sources */,
				2D2F76AF2427C0F7001F3222 /* BasicAuthViewController.swift in Sources */,
				2D3FCF5423BB6F47001E3704 /* LoginViewController.swift in Sources */,
				2DD7A4F92427B0AA0029CC49 /* SecondaryButton.swift in Sources */,
				2D4F88BC23C01BFA0017E29F /* CardBehaviour.swift in Sources */,
				2D4F88BA23C00DBB0017E29F /* DeckView.swift in Sources */,
				2D2B449B2427C54700BECB25 /* SettingsViewController.swift in Sources */,
			);
			runOnlyForDeploymentPostprocessing = 0;
		};
/* End PBXSourcesBuildPhase section */

/* Begin PBXVariantGroup section */
		2DD6B26E23B84AD70006D873 /* LaunchScreen.storyboard */ = {
			isa = PBXVariantGroup;
			children = (
				2DD6B26F23B84AD70006D873 /* Base */,
			);
			name = LaunchScreen.storyboard;
			sourceTree = "<group>";
		};
/* End PBXVariantGroup section */

/* Begin XCBuildConfiguration section */
		2DD6B27223B84AD70006D873 /* Debug */ = {
			isa = XCBuildConfiguration;
			buildSettings = {
				ALWAYS_SEARCH_USER_PATHS = NO;
				CLANG_ANALYZER_NONNULL = YES;
				CLANG_ANALYZER_NUMBER_OBJECT_CONVERSION = YES_AGGRESSIVE;
				CLANG_CXX_LANGUAGE_STANDARD = "gnu++14";
				CLANG_CXX_LIBRARY = "libc++";
				CLANG_ENABLE_MODULES = YES;
				CLANG_ENABLE_OBJC_ARC = YES;
				CLANG_ENABLE_OBJC_WEAK = YES;
				CLANG_WARN_BLOCK_CAPTURE_AUTORELEASING = YES;
				CLANG_WARN_BOOL_CONVERSION = YES;
				CLANG_WARN_COMMA = YES;
				CLANG_WARN_CONSTANT_CONVERSION = YES;
				CLANG_WARN_DEPRECATED_OBJC_IMPLEMENTATIONS = YES;
				CLANG_WARN_DIRECT_OBJC_ISA_USAGE = YES_ERROR;
				CLANG_WARN_DOCUMENTATION_COMMENTS = YES;
				CLANG_WARN_EMPTY_BODY = YES;
				CLANG_WARN_ENUM_CONVERSION = YES;
				CLANG_WARN_INFINITE_RECURSION = YES;
				CLANG_WARN_INT_CONVERSION = YES;
				CLANG_WARN_NON_LITERAL_NULL_CONVERSION = YES;
				CLANG_WARN_OBJC_IMPLICIT_RETAIN_SELF = YES;
				CLANG_WARN_OBJC_LITERAL_CONVERSION = YES;
				CLANG_WARN_OBJC_ROOT_CLASS = YES_ERROR;
				CLANG_WARN_RANGE_LOOP_ANALYSIS = YES;
				CLANG_WARN_STRICT_PROTOTYPES = YES;
				CLANG_WARN_SUSPICIOUS_MOVE = YES;
				CLANG_WARN_UNGUARDED_AVAILABILITY = YES_AGGRESSIVE;
				CLANG_WARN_UNREACHABLE_CODE = YES;
				CLANG_WARN__DUPLICATE_METHOD_MATCH = YES;
				COPY_PHASE_STRIP = NO;
				DEBUG_INFORMATION_FORMAT = dwarf;
				ENABLE_STRICT_OBJC_MSGSEND = YES;
				ENABLE_TESTABILITY = YES;
				GCC_C_LANGUAGE_STANDARD = gnu11;
				GCC_DYNAMIC_NO_PIC = NO;
				GCC_NO_COMMON_BLOCKS = YES;
				GCC_OPTIMIZATION_LEVEL = 0;
				GCC_PREPROCESSOR_DEFINITIONS = (
					"DEBUG=1",
					"$(inherited)",
				);
				GCC_WARN_64_TO_32_BIT_CONVERSION = YES;
				GCC_WARN_ABOUT_RETURN_TYPE = YES_ERROR;
				GCC_WARN_UNDECLARED_SELECTOR = YES;
				GCC_WARN_UNINITIALIZED_AUTOS = YES_AGGRESSIVE;
				GCC_WARN_UNUSED_FUNCTION = YES;
				GCC_WARN_UNUSED_VARIABLE = YES;
				IPHONEOS_DEPLOYMENT_TARGET = 13.2;
				MTL_ENABLE_DEBUG_INFO = INCLUDE_SOURCE;
				MTL_FAST_MATH = YES;
				ONLY_ACTIVE_ARCH = YES;
				SDKROOT = iphoneos;
				SWIFT_ACTIVE_COMPILATION_CONDITIONS = DEBUG;
				SWIFT_OPTIMIZATION_LEVEL = "-Onone";
			};
			name = Debug;
		};
		2DD6B27323B84AD70006D873 /* Release */ = {
			isa = XCBuildConfiguration;
			buildSettings = {
				ALWAYS_SEARCH_USER_PATHS = NO;
				CLANG_ANALYZER_NONNULL = YES;
				CLANG_ANALYZER_NUMBER_OBJECT_CONVERSION = YES_AGGRESSIVE;
				CLANG_CXX_LANGUAGE_STANDARD = "gnu++14";
				CLANG_CXX_LIBRARY = "libc++";
				CLANG_ENABLE_MODULES = YES;
				CLANG_ENABLE_OBJC_ARC = YES;
				CLANG_ENABLE_OBJC_WEAK = YES;
				CLANG_WARN_BLOCK_CAPTURE_AUTORELEASING = YES;
				CLANG_WARN_BOOL_CONVERSION = YES;
				CLANG_WARN_COMMA = YES;
				CLANG_WARN_CONSTANT_CONVERSION = YES;
				CLANG_WARN_DEPRECATED_OBJC_IMPLEMENTATIONS = YES;
				CLANG_WARN_DIRECT_OBJC_ISA_USAGE = YES_ERROR;
				CLANG_WARN_DOCUMENTATION_COMMENTS = YES;
				CLANG_WARN_EMPTY_BODY = YES;
				CLANG_WARN_ENUM_CONVERSION = YES;
				CLANG_WARN_INFINITE_RECURSION = YES;
				CLANG_WARN_INT_CONVERSION = YES;
				CLANG_WARN_NON_LITERAL_NULL_CONVERSION = YES;
				CLANG_WARN_OBJC_IMPLICIT_RETAIN_SELF = YES;
				CLANG_WARN_OBJC_LITERAL_CONVERSION = YES;
				CLANG_WARN_OBJC_ROOT_CLASS = YES_ERROR;
				CLANG_WARN_RANGE_LOOP_ANALYSIS = YES;
				CLANG_WARN_STRICT_PROTOTYPES = YES;
				CLANG_WARN_SUSPICIOUS_MOVE = YES;
				CLANG_WARN_UNGUARDED_AVAILABILITY = YES_AGGRESSIVE;
				CLANG_WARN_UNREACHABLE_CODE = YES;
				CLANG_WARN__DUPLICATE_METHOD_MATCH = YES;
				COPY_PHASE_STRIP = NO;
				DEBUG_INFORMATION_FORMAT = "dwarf-with-dsym";
				ENABLE_NS_ASSERTIONS = NO;
				ENABLE_STRICT_OBJC_MSGSEND = YES;
				GCC_C_LANGUAGE_STANDARD = gnu11;
				GCC_NO_COMMON_BLOCKS = YES;
				GCC_WARN_64_TO_32_BIT_CONVERSION = YES;
				GCC_WARN_ABOUT_RETURN_TYPE = YES_ERROR;
				GCC_WARN_UNDECLARED_SELECTOR = YES;
				GCC_WARN_UNINITIALIZED_AUTOS = YES_AGGRESSIVE;
				GCC_WARN_UNUSED_FUNCTION = YES;
				GCC_WARN_UNUSED_VARIABLE = YES;
				IPHONEOS_DEPLOYMENT_TARGET = 13.2;
				MTL_ENABLE_DEBUG_INFO = NO;
				MTL_FAST_MATH = YES;
				SDKROOT = iphoneos;
				SWIFT_COMPILATION_MODE = wholemodule;
				SWIFT_OPTIMIZATION_LEVEL = "-O";
				VALIDATE_PRODUCT = YES;
			};
			name = Release;
		};
		2DD6B27523B84AD70006D873 /* Debug */ = {
			isa = XCBuildConfiguration;
			buildSettings = {
				ASSETCATALOG_COMPILER_APPICON_NAME = AppIcon;
				CODE_SIGN_ENTITLEMENTS = Adopt/Adopt.entitlements;
				CODE_SIGN_STYLE = Automatic;
				CURRENT_PROJECT_VERSION = 205;
				DEVELOPMENT_TEAM = 9G47WR9NR2;
				ENABLE_PREVIEWS = YES;
				INFOPLIST_FILE = Adopt/Info.plist;
				LD_RUNPATH_SEARCH_PATHS = (
					"$(inherited)",
					"@executable_path/Frameworks",
				);
				MARKETING_VERSION = 1.1;
				PRODUCT_BUNDLE_IDENTIFIER = pro.rzeszot.adopt;
				PRODUCT_NAME = Adopt;
				SWIFT_VERSION = 5.0;
				TARGETED_DEVICE_FAMILY = "1,2";
			};
			name = Debug;
		};
		2DD6B27623B84AD70006D873 /* Release */ = {
			isa = XCBuildConfiguration;
			buildSettings = {
				ASSETCATALOG_COMPILER_APPICON_NAME = AppIcon;
				CODE_SIGN_ENTITLEMENTS = Adopt/Adopt.entitlements;
				CODE_SIGN_STYLE = Automatic;
				CURRENT_PROJECT_VERSION = 205;
				DEVELOPMENT_TEAM = 9G47WR9NR2;
				ENABLE_PREVIEWS = YES;
				INFOPLIST_FILE = Adopt/Info.plist;
				LD_RUNPATH_SEARCH_PATHS = (
					"$(inherited)",
					"@executable_path/Frameworks",
				);
				MARKETING_VERSION = 1.1;
				PRODUCT_BUNDLE_IDENTIFIER = pro.rzeszot.adopt;
				PRODUCT_NAME = Adopt;
				SWIFT_VERSION = 5.0;
				TARGETED_DEVICE_FAMILY = "1,2";
			};
			name = Release;
		};
/* End XCBuildConfiguration section */

/* Begin XCConfigurationList section */
		2DD6B25B23B84AD60006D873 /* Build configuration list for PBXProject "Adopt" */ = {
			isa = XCConfigurationList;
			buildConfigurations = (
				2DD6B27223B84AD70006D873 /* Debug */,
				2DD6B27323B84AD70006D873 /* Release */,
			);
			defaultConfigurationIsVisible = 0;
			defaultConfigurationName = Release;
		};
		2DD6B27423B84AD70006D873 /* Build configuration list for PBXNativeTarget "Adopt" */ = {
			isa = XCConfigurationList;
			buildConfigurations = (
				2DD6B27523B84AD70006D873 /* Debug */,
				2DD6B27623B84AD70006D873 /* Release */,
			);
			defaultConfigurationIsVisible = 0;
			defaultConfigurationName = Release;
		};
/* End XCConfigurationList section */
	};
	rootObject = 2DD6B25823B84AD60006D873 /* Project object */;
}
