{
  "object": {
    "pins": [
      {
        "package": "Mocky",
        "repositoryURL": "https://github.com/rzeszot/swift-http-mocky",
        "state": {
          "branch": "main",
          "revision": "0575f8123d0b257c49608acf59f7ad8db331677b",
          "version": null
        }
      },
      {
        "package": "Weak",
        "repositoryURL": "https://github.com/rzeszot/swift-weak",
        "state": {
          "branch": "main",
          "revision": "42094045809dc44708c224d1956cd2bc5c58b858",
          "version": null
        }
      },
      {
        "package": "XCSnapshots",
        "repositoryURL": "https://github.com/rzeszot/swift-xcsnapshots",
        "state": {
          "branch": "main",
          "revision": "a04079bd2def7c62b770216187157f76446542e2",
          "version": null
        }
      }
    ]
  },
  "version": 1
}
