{
  "object": {
    "pins": [
      {
        "package": "AwesomeKeyboardLayoutGuide",
        "repositoryURL": "https://github.com/rzeszot/swift-awesome-keyboard-layout-guide.git",
        "state": {
          "branch": "main",
          "revision": "3d64ff24c68550fb3bc11259cdbe630a67d1e372",
          "version": null
        }
      },
      {
        "package": "Mocky",
        "repositoryURL": "https://github.com/rzeszot/swift-http-mocky.git",
        "state": {
          "branch": "main",
          "revision": "abcbf90ecd1d8914a1960f81bf1d2980ae658ccb",
          "version": null
        }
      }
    ]
  },
  "version": 1
}
